// !$*UTF8*$!
{
	archiveVersion = 1;
	classes = {
	};
	objectVersion = 46;
	objects = {

/* Begin PBXBuildFile section */
		8E0BE0791FEA58C8008183D0 /* MasonrySnip.swift in Sources */ = {isa = PBXBuildFile; fileRef = 8E0BE0781FEA58C8008183D0 /* MasonrySnip.swift */; };
		8E0BE07B1FEA5C6A008183D0 /* MasonryExpression.swift in Sources */ = {isa = PBXBuildFile; fileRef = 8E0BE07A1FEA5C6A008183D0 /* MasonryExpression.swift */; };
		8E0BE07D1FEA7492008183D0 /* Property.swift in Sources */ = {isa = PBXBuildFile; fileRef = 8E0BE07C1FEA7492008183D0 /* Property.swift */; };
		8E2BEAD61FEBC43100410D15 /* ui_swift.plist in Resources */ = {isa = PBXBuildFile; fileRef = 8E2BEAD51FEBC43100410D15 /* ui_swift.plist */; };
		8E5233041FB3F8F200271022 /* GenerateViewSnip.swift in Sources */ = {isa = PBXBuildFile; fileRef = 8E5233031FB3F8F200271022 /* GenerateViewSnip.swift */; };
		8E5233061FB3F93000271022 /* SnapSnip.swift in Sources */ = {isa = PBXBuildFile; fileRef = 8E5233051FB3F93000271022 /* SnapSnip.swift */; };
		8E5233081FB3F96200271022 /* FunctionSnip.swift in Sources */ = {isa = PBXBuildFile; fileRef = 8E5233071FB3F96200271022 /* FunctionSnip.swift */; };
		8E52330A1FB40CBE00271022 /* AnimationSnip.swift in Sources */ = {isa = PBXBuildFile; fileRef = 8E5233091FB40CBE00271022 /* AnimationSnip.swift */; };
		8E8B8D5C1F710DC1002EBF80 /* AppDelegate.swift in Sources */ = {isa = PBXBuildFile; fileRef = 8E8B8D5B1F710DC1002EBF80 /* AppDelegate.swift */; };
		8E8B8D5E1F710DC1002EBF80 /* ViewController.swift in Sources */ = {isa = PBXBuildFile; fileRef = 8E8B8D5D1F710DC1002EBF80 /* ViewController.swift */; };
		8E8B8D601F710DC1002EBF80 /* Assets.xcassets in Resources */ = {isa = PBXBuildFile; fileRef = 8E8B8D5F1F710DC1002EBF80 /* Assets.xcassets */; };
		8E8B8D631F710DC1002EBF80 /* Main.storyboard in Resources */ = {isa = PBXBuildFile; fileRef = 8E8B8D611F710DC1002EBF80 /* Main.storyboard */; };
		8E8B8D711F710DEA002EBF80 /* Cocoa.framework in Frameworks */ = {isa = PBXBuildFile; fileRef = 8E8B8D701F710DEA002EBF80 /* Cocoa.framework */; };
		8E8B8D761F710DEA002EBF80 /* SourceEditorExtension.swift in Sources */ = {isa = PBXBuildFile; fileRef = 8E8B8D751F710DEA002EBF80 /* SourceEditorExtension.swift */; };
		8E8B8D781F710DEA002EBF80 /* SourceEditorCommand.swift in Sources */ = {isa = PBXBuildFile; fileRef = 8E8B8D771F710DEA002EBF80 /* SourceEditorCommand.swift */; };
		8E8B8D7C1F710DEA002EBF80 /* Fly.appex in Embed App Extensions */ = {isa = PBXBuildFile; fileRef = 8E8B8D6E1F710DEA002EBF80 /* Fly.appex */; settings = {ATTRIBUTES = (RemoveHeadersOnCopy, ); }; };
		8EA3DBAB2122EF9F008463E8 /* FlyCodingOCTests.swift in Sources */ = {isa = PBXBuildFile; fileRef = 8EA3DBAA2122EF9F008463E8 /* FlyCodingOCTests.swift */; };
		8EA3DBB32122F428008463E8 /* FlyCodingSwiftTests.swift in Sources */ = {isa = PBXBuildFile; fileRef = 8EA3DBB22122F428008463E8 /* FlyCodingSwiftTests.swift */; };
		8EF3B3F31F73BB20002BB6D1 /* Snip.swift in Sources */ = {isa = PBXBuildFile; fileRef = 8EF3B3F21F73BB20002BB6D1 /* Snip.swift */; };
		8EF3B3F71F74AC22002BB6D1 /* Match.swift in Sources */ = {isa = PBXBuildFile; fileRef = 8EF3B3F61F74AC22002BB6D1 /* Match.swift */; };
		8EF3B3F91F74EABF002BB6D1 /* SnapExpression.swift in Sources */ = {isa = PBXBuildFile; fileRef = 8EF3B3F81F74EABF002BB6D1 /* SnapExpression.swift */; };
		8EF490BF204D2F40003F62DF /* Cocoa.framework in Frameworks */ = {isa = PBXBuildFile; fileRef = 8E8B8D701F710DEA002EBF80 /* Cocoa.framework */; };
		8EF490C2204D2F40003F62DF /* SourceEditorExtension.swift in Sources */ = {isa = PBXBuildFile; fileRef = 8EF490C1204D2F40003F62DF /* SourceEditorExtension.swift */; };
		8EF490C4204D2F40003F62DF /* SourceEditorCommand.swift in Sources */ = {isa = PBXBuildFile; fileRef = 8EF490C3204D2F40003F62DF /* SourceEditorCommand.swift */; };
		8EF490C9204D2F40003F62DF /* ClearInvalidReference.appex in Embed App Extensions */ = {isa = PBXBuildFile; fileRef = 8EF490BE204D2F40003F62DF /* ClearInvalidReference.appex */; settings = {ATTRIBUTES = (RemoveHeadersOnCopy, ); }; };
		C444576D208AD9240083F97E /* ui_oc.plist in Resources */ = {isa = PBXBuildFile; fileRef = C444576C208AD9240083F97E /* ui_oc.plist */; };
/* End PBXBuildFile section */

/* Begin PBXContainerItemProxy section */
		8E8B8D7A1F710DEA002EBF80 /* PBXContainerItemProxy */ = {
			isa = PBXContainerItemProxy;
			containerPortal = 8E8B8D501F710DC1002EBF80 /* Project object */;
			proxyType = 1;
			remoteGlobalIDString = 8E8B8D6D1F710DEA002EBF80;
			remoteInfo = "Fly Coding";
		};
		8EA3DBAD2122EF9F008463E8 /* PBXContainerItemProxy */ = {
			isa = PBXContainerItemProxy;
			containerPortal = 8E8B8D501F710DC1002EBF80 /* Project object */;
			proxyType = 1;
			remoteGlobalIDString = 8E8B8D571F710DC1002EBF80;
			remoteInfo = FlyCoding;
		};
		8EF490C7204D2F40003F62DF /* PBXContainerItemProxy */ = {
			isa = PBXContainerItemProxy;
			containerPortal = 8E8B8D501F710DC1002EBF80 /* Project object */;
			proxyType = 1;
			remoteGlobalIDString = 8EF490BD204D2F40003F62DF;
			remoteInfo = ClearInvalidReference;
		};
/* End PBXContainerItemProxy section */

/* Begin PBXCopyFilesBuildPhase section */
		8E8B8D801F710DEA002EBF80 /* Embed App Extensions */ = {
			isa = PBXCopyFilesBuildPhase;
			buildActionMask = 2147483647;
			dstPath = "";
			dstSubfolderSpec = 13;
			files = (
				8EF490C9204D2F40003F62DF /* ClearInvalidReference.appex in Embed App Extensions */,
				8E8B8D7C1F710DEA002EBF80 /* Fly.appex in Embed App Extensions */,
			);
			name = "Embed App Extensions";
			runOnlyForDeploymentPostprocessing = 0;
		};
/* End PBXCopyFilesBuildPhase section */

/* Begin PBXFileReference section */
		8E0BE0781FEA58C8008183D0 /* MasonrySnip.swift */ = {isa = PBXFileReference; lastKnownFileType = sourcecode.swift; path = MasonrySnip.swift; sourceTree = "<group>"; };
		8E0BE07A1FEA5C6A008183D0 /* MasonryExpression.swift */ = {isa = PBXFileReference; lastKnownFileType = sourcecode.swift; path = MasonryExpression.swift; sourceTree = "<group>"; };
		8E0BE07C1FEA7492008183D0 /* Property.swift */ = {isa = PBXFileReference; lastKnownFileType = sourcecode.swift; path = Property.swift; sourceTree = "<group>"; };
		8E2BEAD51FEBC43100410D15 /* ui_swift.plist */ = {isa = PBXFileReference; fileEncoding = 4; lastKnownFileType = text.plist.xml; path = ui_swift.plist; sourceTree = "<group>"; };
		8E5233031FB3F8F200271022 /* GenerateViewSnip.swift */ = {isa = PBXFileReference; lastKnownFileType = sourcecode.swift; path = GenerateViewSnip.swift; sourceTree = "<group>"; };
		8E5233051FB3F93000271022 /* SnapSnip.swift */ = {isa = PBXFileReference; lastKnownFileType = sourcecode.swift; path = SnapSnip.swift; sourceTree = "<group>"; };
		8E5233071FB3F96200271022 /* FunctionSnip.swift */ = {isa = PBXFileReference; lastKnownFileType = sourcecode.swift; path = FunctionSnip.swift; sourceTree = "<group>"; };
		8E5233091FB40CBE00271022 /* AnimationSnip.swift */ = {isa = PBXFileReference; lastKnownFileType = sourcecode.swift; path = AnimationSnip.swift; sourceTree = "<group>"; };
		8E8B8D581F710DC1002EBF80 /* FlyCoding.app */ = {isa = PBXFileReference; explicitFileType = wrapper.application; includeInIndex = 0; path = FlyCoding.app; sourceTree = BUILT_PRODUCTS_DIR; };
		8E8B8D5B1F710DC1002EBF80 /* AppDelegate.swift */ = {isa = PBXFileReference; lastKnownFileType = sourcecode.swift; path = AppDelegate.swift; sourceTree = "<group>"; };
		8E8B8D5D1F710DC1002EBF80 /* ViewController.swift */ = {isa = PBXFileReference; lastKnownFileType = sourcecode.swift; path = ViewController.swift; sourceTree = "<group>"; };
		8E8B8D5F1F710DC1002EBF80 /* Assets.xcassets */ = {isa = PBXFileReference; lastKnownFileType = folder.assetcatalog; path = Assets.xcassets; sourceTree = "<group>"; };
		8E8B8D621F710DC1002EBF80 /* Base */ = {isa = PBXFileReference; lastKnownFileType = file.storyboard; name = Base; path = Base.lproj/Main.storyboard; sourceTree = "<group>"; };
		8E8B8D641F710DC1002EBF80 /* Info.plist */ = {isa = PBXFileReference; lastKnownFileType = text.plist.xml; path = Info.plist; sourceTree = "<group>"; };
		8E8B8D6E1F710DEA002EBF80 /* Fly.appex */ = {isa = PBXFileReference; explicitFileType = "wrapper.app-extension"; includeInIndex = 0; path = Fly.appex; sourceTree = BUILT_PRODUCTS_DIR; };
		8E8B8D701F710DEA002EBF80 /* Cocoa.framework */ = {isa = PBXFileReference; lastKnownFileType = wrapper.framework; name = Cocoa.framework; path = System/Library/Frameworks/Cocoa.framework; sourceTree = SDKROOT; };
		8E8B8D741F710DEA002EBF80 /* Fly_Coding.entitlements */ = {isa = PBXFileReference; lastKnownFileType = text.plist.entitlements; path = Fly_Coding.entitlements; sourceTree = "<group>"; };
		8E8B8D751F710DEA002EBF80 /* SourceEditorExtension.swift */ = {isa = PBXFileReference; lastKnownFileType = sourcecode.swift; path = SourceEditorExtension.swift; sourceTree = "<group>"; };
		8E8B8D771F710DEA002EBF80 /* SourceEditorCommand.swift */ = {isa = PBXFileReference; lastKnownFileType = sourcecode.swift; path = SourceEditorCommand.swift; sourceTree = "<group>"; };
		8E8B8D791F710DEA002EBF80 /* Info.plist */ = {isa = PBXFileReference; lastKnownFileType = text.plist.xml; path = Info.plist; sourceTree = "<group>"; };
		8EA3DBA82122EF9F008463E8 /* FlyCodingTests.xctest */ = {isa = PBXFileReference; explicitFileType = wrapper.cfbundle; includeInIndex = 0; path = FlyCodingTests.xctest; sourceTree = BUILT_PRODUCTS_DIR; };
		8EA3DBAA2122EF9F008463E8 /* FlyCodingOCTests.swift */ = {isa = PBXFileReference; lastKnownFileType = sourcecode.swift; path = FlyCodingOCTests.swift; sourceTree = "<group>"; };
		8EA3DBAC2122EF9F008463E8 /* Info.plist */ = {isa = PBXFileReference; lastKnownFileType = text.plist.xml; path = Info.plist; sourceTree = "<group>"; };
		8EA3DBB22122F428008463E8 /* FlyCodingSwiftTests.swift */ = {isa = PBXFileReference; lastKnownFileType = sourcecode.swift; path = FlyCodingSwiftTests.swift; sourceTree = "<group>"; };
		8EF3B3F21F73BB20002BB6D1 /* Snip.swift */ = {isa = PBXFileReference; lastKnownFileType = sourcecode.swift; path = Snip.swift; sourceTree = "<group>"; };
		8EF3B3F61F74AC22002BB6D1 /* Match.swift */ = {isa = PBXFileReference; lastKnownFileType = sourcecode.swift; path = Match.swift; sourceTree = "<group>"; };
		8EF3B3F81F74EABF002BB6D1 /* SnapExpression.swift */ = {isa = PBXFileReference; lastKnownFileType = sourcecode.swift; path = SnapExpression.swift; sourceTree = "<group>"; };
		8EF490BE204D2F40003F62DF /* ClearInvalidReference.appex */ = {isa = PBXFileReference; explicitFileType = "wrapper.app-extension"; includeInIndex = 0; path = ClearInvalidReference.appex; sourceTree = BUILT_PRODUCTS_DIR; };
		8EF490C1204D2F40003F62DF /* SourceEditorExtension.swift */ = {isa = PBXFileReference; lastKnownFileType = sourcecode.swift; path = SourceEditorExtension.swift; sourceTree = "<group>"; };
		8EF490C3204D2F40003F62DF /* SourceEditorCommand.swift */ = {isa = PBXFileReference; lastKnownFileType = sourcecode.swift; path = SourceEditorCommand.swift; sourceTree = "<group>"; };
		8EF490C5204D2F40003F62DF /* Info.plist */ = {isa = PBXFileReference; lastKnownFileType = text.plist.xml; path = Info.plist; sourceTree = "<group>"; };
		8EF490C6204D2F40003F62DF /* ClearInvalidReference.entitlements */ = {isa = PBXFileReference; lastKnownFileType = text.plist.entitlements; path = ClearInvalidReference.entitlements; sourceTree = "<group>"; };
		C444576C208AD9240083F97E /* ui_oc.plist */ = {isa = PBXFileReference; lastKnownFileType = text.plist.xml; path = ui_oc.plist; sourceTree = "<group>"; };
/* End PBXFileReference section */

/* Begin PBXFrameworksBuildPhase section */
		8E8B8D551F710DC1002EBF80 /* Frameworks */ = {
			isa = PBXFrameworksBuildPhase;
			buildActionMask = 2147483647;
			files = (
			);
			runOnlyForDeploymentPostprocessing = 0;
		};
		8E8B8D6B1F710DEA002EBF80 /* Frameworks */ = {
			isa = PBXFrameworksBuildPhase;
			buildActionMask = 2147483647;
			files = (
				8E8B8D711F710DEA002EBF80 /* Cocoa.framework in Frameworks */,
			);
			runOnlyForDeploymentPostprocessing = 0;
		};
		8EA3DBA52122EF9F008463E8 /* Frameworks */ = {
			isa = PBXFrameworksBuildPhase;
			buildActionMask = 2147483647;
			files = (
			);
			runOnlyForDeploymentPostprocessing = 0;
		};
		8EF490BB204D2F40003F62DF /* Frameworks */ = {
			isa = PBXFrameworksBuildPhase;
			buildActionMask = 2147483647;
			files = (
				8EF490BF204D2F40003F62DF /* Cocoa.framework in Frameworks */,
			);
			runOnlyForDeploymentPostprocessing = 0;
		};
/* End PBXFrameworksBuildPhase section */

/* Begin PBXGroup section */
		8E240D671FEA4A4200C61474 /* FunctionModule */ = {
			isa = PBXGroup;
			children = (
				8E5233071FB3F96200271022 /* FunctionSnip.swift */,
			);
			name = FunctionModule;
			sourceTree = "<group>";
		};
		8E240D681FEA4AAA00C61474 /* GenerateViewModule */ = {
			isa = PBXGroup;
			children = (
				8E2BEAD51FEBC43100410D15 /* ui_swift.plist */,
				C444576C208AD9240083F97E /* ui_oc.plist */,
				8E5233031FB3F8F200271022 /* GenerateViewSnip.swift */,
			);
			name = GenerateViewModule;
			sourceTree = "<group>";
		};
		8E240D691FEA4AB400C61474 /* AnimationModule */ = {
			isa = PBXGroup;
			children = (
				8E5233091FB40CBE00271022 /* AnimationSnip.swift */,
			);
			name = AnimationModule;
			sourceTree = "<group>";
		};
		8E240D6A1FEA4ABF00C61474 /* LayoutModule */ = {
			isa = PBXGroup;
			children = (
				8E5233051FB3F93000271022 /* SnapSnip.swift */,
				8EF3B3F81F74EABF002BB6D1 /* SnapExpression.swift */,
				8E0BE0781FEA58C8008183D0 /* MasonrySnip.swift */,
				8E0BE07A1FEA5C6A008183D0 /* MasonryExpression.swift */,
			);
			name = LayoutModule;
			sourceTree = "<group>";
		};
		8E240D6B1FEA4AE700C61474 /* BaseModule */ = {
			isa = PBXGroup;
			children = (
				8EF3B3F21F73BB20002BB6D1 /* Snip.swift */,
				8E0BE07C1FEA7492008183D0 /* Property.swift */,
			);
			name = BaseModule;
			sourceTree = "<group>";
		};
		8E5233021FB3F8BF00271022 /* Snips */ = {
			isa = PBXGroup;
			children = (
				8E240D6B1FEA4AE700C61474 /* BaseModule */,
				8E240D6A1FEA4ABF00C61474 /* LayoutModule */,
				8E240D681FEA4AAA00C61474 /* GenerateViewModule */,
				8E240D671FEA4A4200C61474 /* FunctionModule */,
				8E240D691FEA4AB400C61474 /* AnimationModule */,
				8EF490F0204D366F003F62DF /* Weather */,
			);
			name = Snips;
			sourceTree = "<group>";
		};
		8E8B8D4F1F710DC1002EBF80 = {
			isa = PBXGroup;
			children = (
				8E8B8D5A1F710DC1002EBF80 /* FlyCoding */,
				8E8B8D721F710DEA002EBF80 /* Fly */,
				8EF490C0204D2F40003F62DF /* ClearInvalidReference */,
				8EA3DBA92122EF9F008463E8 /* FlyCodingTests */,
				8E8B8D6F1F710DEA002EBF80 /* Frameworks */,
				8E8B8D591F710DC1002EBF80 /* Products */,
			);
			sourceTree = "<group>";
		};
		8E8B8D591F710DC1002EBF80 /* Products */ = {
			isa = PBXGroup;
			children = (
				8E8B8D581F710DC1002EBF80 /* FlyCoding.app */,
				8E8B8D6E1F710DEA002EBF80 /* Fly.appex */,
				8EF490BE204D2F40003F62DF /* ClearInvalidReference.appex */,
				8EA3DBA82122EF9F008463E8 /* FlyCodingTests.xctest */,
			);
			name = Products;
			sourceTree = "<group>";
		};
		8E8B8D5A1F710DC1002EBF80 /* FlyCoding */ = {
			isa = PBXGroup;
			children = (
				8E8B8D5B1F710DC1002EBF80 /* AppDelegate.swift */,
				8E8B8D5D1F710DC1002EBF80 /* ViewController.swift */,
				8E8B8D5F1F710DC1002EBF80 /* Assets.xcassets */,
				8E8B8D611F710DC1002EBF80 /* Main.storyboard */,
				8E8B8D641F710DC1002EBF80 /* Info.plist */,
			);
			path = FlyCoding;
			sourceTree = "<group>";
		};
		8E8B8D6F1F710DEA002EBF80 /* Frameworks */ = {
			isa = PBXGroup;
			children = (
				8E8B8D701F710DEA002EBF80 /* Cocoa.framework */,
			);
			name = Frameworks;
			sourceTree = "<group>";
		};
		8E8B8D721F710DEA002EBF80 /* Fly */ = {
			isa = PBXGroup;
			children = (
				8E8B8D751F710DEA002EBF80 /* SourceEditorExtension.swift */,
				8E8B8D771F710DEA002EBF80 /* SourceEditorCommand.swift */,
				8E5233021FB3F8BF00271022 /* Snips */,
				8EF3B3F61F74AC22002BB6D1 /* Match.swift */,
				8E8B8D791F710DEA002EBF80 /* Info.plist */,
				8E8B8D731F710DEA002EBF80 /* Supporting Files */,
			);
			path = Fly;
			sourceTree = "<group>";
		};
		8E8B8D731F710DEA002EBF80 /* Supporting Files */ = {
			isa = PBXGroup;
			children = (
				8E8B8D741F710DEA002EBF80 /* Fly_Coding.entitlements */,
			);
			name = "Supporting Files";
			sourceTree = "<group>";
		};
		8EA3DBA92122EF9F008463E8 /* FlyCodingTests */ = {
			isa = PBXGroup;
			children = (
				8EA3DBAA2122EF9F008463E8 /* FlyCodingOCTests.swift */,
				8EA3DBB22122F428008463E8 /* FlyCodingSwiftTests.swift */,
				8EA3DBAC2122EF9F008463E8 /* Info.plist */,
			);
			path = FlyCodingTests;
			sourceTree = "<group>";
		};
		8EF490C0204D2F40003F62DF /* ClearInvalidReference */ = {
			isa = PBXGroup;
			children = (
				8EF490C1204D2F40003F62DF /* SourceEditorExtension.swift */,
				8EF490C3204D2F40003F62DF /* SourceEditorCommand.swift */,
				8EF490C5204D2F40003F62DF /* Info.plist */,
				8EF490C6204D2F40003F62DF /* ClearInvalidReference.entitlements */,
			);
			path = ClearInvalidReference;
			sourceTree = "<group>";
		};
		8EF490F0204D366F003F62DF /* Weather */ = {
			isa = PBXGroup;
			children = (
			);
			name = Weather;
			sourceTree = "<group>";
		};
/* End PBXGroup section */

/* Begin PBXNativeTarget section */
		8E8B8D571F710DC1002EBF80 /* FlyCoding */ = {
			isa = PBXNativeTarget;
			buildConfigurationList = 8E8B8D671F710DC1002EBF80 /* Build configuration list for PBXNativeTarget "FlyCoding" */;
			buildPhases = (
				8E8B8D541F710DC1002EBF80 /* Sources */,
				8E8B8D551F710DC1002EBF80 /* Frameworks */,
				8E8B8D561F710DC1002EBF80 /* Resources */,
				8E8B8D801F710DEA002EBF80 /* Embed App Extensions */,
			);
			buildRules = (
			);
			dependencies = (
				8E8B8D7B1F710DEA002EBF80 /* PBXTargetDependency */,
				8EF490C8204D2F40003F62DF /* PBXTargetDependency */,
			);
			name = FlyCoding;
			productName = FlyCoding;
			productReference = 8E8B8D581F710DC1002EBF80 /* FlyCoding.app */;
			productType = "com.apple.product-type.application";
		};
		8E8B8D6D1F710DEA002EBF80 /* Fly */ = {
			isa = PBXNativeTarget;
			buildConfigurationList = 8E8B8D7D1F710DEA002EBF80 /* Build configuration list for PBXNativeTarget "Fly" */;
			buildPhases = (
				8E8B8D6A1F710DEA002EBF80 /* Sources */,
				8E8B8D6B1F710DEA002EBF80 /* Frameworks */,
				8E8B8D6C1F710DEA002EBF80 /* Resources */,
			);
			buildRules = (
			);
			dependencies = (
			);
			name = Fly;
			productName = "Fly Coding";
			productReference = 8E8B8D6E1F710DEA002EBF80 /* Fly.appex */;
			productType = "com.apple.product-type.xcode-extension";
		};
		8EA3DBA72122EF9F008463E8 /* FlyCodingTests */ = {
			isa = PBXNativeTarget;
			buildConfigurationList = 8EA3DBB12122EF9F008463E8 /* Build configuration list for PBXNativeTarget "FlyCodingTests" */;
			buildPhases = (
				8EA3DBA42122EF9F008463E8 /* Sources */,
				8EA3DBA52122EF9F008463E8 /* Frameworks */,
				8EA3DBA62122EF9F008463E8 /* Resources */,
			);
			buildRules = (
			);
			dependencies = (
				8EA3DBAE2122EF9F008463E8 /* PBXTargetDependency */,
			);
			name = FlyCodingTests;
			productName = FlyCodingTests;
			productReference = 8EA3DBA82122EF9F008463E8 /* FlyCodingTests.xctest */;
			productType = "com.apple.product-type.bundle.unit-test";
		};
		8EF490BD204D2F40003F62DF /* ClearInvalidReference */ = {
			isa = PBXNativeTarget;
			buildConfigurationList = 8EF490CC204D2F40003F62DF /* Build configuration list for PBXNativeTarget "ClearInvalidReference" */;
			buildPhases = (
				8EF490BA204D2F40003F62DF /* Sources */,
				8EF490BB204D2F40003F62DF /* Frameworks */,
				8EF490BC204D2F40003F62DF /* Resources */,
			);
			buildRules = (
			);
			dependencies = (
			);
			name = ClearInvalidReference;
			productName = ClearInvalidReference;
			productReference = 8EF490BE204D2F40003F62DF /* ClearInvalidReference.appex */;
			productType = "com.apple.product-type.xcode-extension";
		};
/* End PBXNativeTarget section */

/* Begin PBXProject section */
		8E8B8D501F710DC1002EBF80 /* Project object */ = {
			isa = PBXProject;
			attributes = {
				LastSwiftUpdateCheck = 1000;
				LastUpgradeCheck = 0910;
				ORGANIZATIONNAME = SSBun;
				TargetAttributes = {
					8E8B8D571F710DC1002EBF80 = {
						CreatedOnToolsVersion = 8.3.3;
						DevelopmentTeam = 7467638S34;
						LastSwiftMigration = 0910;
						ProvisioningStyle = Automatic;
					};
					8E8B8D6D1F710DEA002EBF80 = {
						CreatedOnToolsVersion = 8.3.3;
						DevelopmentTeam = 7467638S34;
						LastSwiftMigration = 0910;
						ProvisioningStyle = Automatic;
					};
					8EA3DBA72122EF9F008463E8 = {
						CreatedOnToolsVersion = 10.0;
						DevelopmentTeam = 7467638S34;
						ProvisioningStyle = Automatic;
						TestTargetID = 8E8B8D571F710DC1002EBF80;
					};
					8EF490BD204D2F40003F62DF = {
						CreatedOnToolsVersion = 9.2;
						DevelopmentTeam = 7467638S34;
						ProvisioningStyle = Automatic;
					};
				};
			};
			buildConfigurationList = 8E8B8D531F710DC1002EBF80 /* Build configuration list for PBXProject "FlyCoding" */;
			compatibilityVersion = "Xcode 3.2";
			developmentRegion = English;
			hasScannedForEncodings = 0;
			knownRegions = (
				en,
				Base,
			);
			mainGroup = 8E8B8D4F1F710DC1002EBF80;
			productRefGroup = 8E8B8D591F710DC1002EBF80 /* Products */;
			projectDirPath = "";
			projectRoot = "";
			targets = (
				8E8B8D571F710DC1002EBF80 /* FlyCoding */,
				8E8B8D6D1F710DEA002EBF80 /* Fly */,
				8EF490BD204D2F40003F62DF /* ClearInvalidReference */,
				8EA3DBA72122EF9F008463E8 /* FlyCodingTests */,
			);
		};
/* End PBXProject section */

/* Begin PBXResourcesBuildPhase section */
		8E8B8D561F710DC1002EBF80 /* Resources */ = {
			isa = PBXResourcesBuildPhase;
			buildActionMask = 2147483647;
			files = (
				8E8B8D601F710DC1002EBF80 /* Assets.xcassets in Resources */,
				8E8B8D631F710DC1002EBF80 /* Main.storyboard in Resources */,
			);
			runOnlyForDeploymentPostprocessing = 0;
		};
		8E8B8D6C1F710DEA002EBF80 /* Resources */ = {
			isa = PBXResourcesBuildPhase;
			buildActionMask = 2147483647;
			files = (
				C444576D208AD9240083F97E /* ui_oc.plist in Resources */,
				8E2BEAD61FEBC43100410D15 /* ui_swift.plist in Resources */,
			);
			runOnlyForDeploymentPostprocessing = 0;
		};
		8EA3DBA62122EF9F008463E8 /* Resources */ = {
			isa = PBXResourcesBuildPhase;
			buildActionMask = 2147483647;
			files = (
			);
			runOnlyForDeploymentPostprocessing = 0;
		};
		8EF490BC204D2F40003F62DF /* Resources */ = {
			isa = PBXResourcesBuildPhase;
			buildActionMask = 2147483647;
			files = (
			);
			runOnlyForDeploymentPostprocessing = 0;
		};
/* End PBXResourcesBuildPhase section */

/* Begin PBXSourcesBuildPhase section */
		8E8B8D541F710DC1002EBF80 /* Sources */ = {
			isa = PBXSourcesBuildPhase;
			buildActionMask = 2147483647;
			files = (
				8E8B8D5E1F710DC1002EBF80 /* ViewController.swift in Sources */,
				8E8B8D5C1F710DC1002EBF80 /* AppDelegate.swift in Sources */,
			);
			runOnlyForDeploymentPostprocessing = 0;
		};
		8E8B8D6A1F710DEA002EBF80 /* Sources */ = {
			isa = PBXSourcesBuildPhase;
			buildActionMask = 2147483647;
			files = (
				8EF3B3F31F73BB20002BB6D1 /* Snip.swift in Sources */,
				8E52330A1FB40CBE00271022 /* AnimationSnip.swift in Sources */,
				8E8B8D761F710DEA002EBF80 /* SourceEditorExtension.swift in Sources */,
				8E5233061FB3F93000271022 /* SnapSnip.swift in Sources */,
				8EF3B3F91F74EABF002BB6D1 /* SnapExpression.swift in Sources */,
				8E0BE0791FEA58C8008183D0 /* MasonrySnip.swift in Sources */,
				8E0BE07D1FEA7492008183D0 /* Property.swift in Sources */,
				8E5233041FB3F8F200271022 /* GenerateViewSnip.swift in Sources */,
				8EF3B3F71F74AC22002BB6D1 /* Match.swift in Sources */,
				8E8B8D781F710DEA002EBF80 /* SourceEditorCommand.swift in Sources */,
				8E5233081FB3F96200271022 /* FunctionSnip.swift in Sources */,
				8E0BE07B1FEA5C6A008183D0 /* MasonryExpression.swift in Sources */,
			);
			runOnlyForDeploymentPostprocessing = 0;
		};
		8EA3DBA42122EF9F008463E8 /* Sources */ = {
			isa = PBXSourcesBuildPhase;
			buildActionMask = 2147483647;
			files = (
				8EA3DBAB2122EF9F008463E8 /* FlyCodingOCTests.swift in Sources */,
				8EA3DBB32122F428008463E8 /* FlyCodingSwiftTests.swift in Sources */,
			);
			runOnlyForDeploymentPostprocessing = 0;
		};
		8EF490BA204D2F40003F62DF /* Sources */ = {
			isa = PBXSourcesBuildPhase;
			buildActionMask = 2147483647;
			files = (
				8EF490C2204D2F40003F62DF /* SourceEditorExtension.swift in Sources */,
				8EF490C4204D2F40003F62DF /* SourceEditorCommand.swift in Sources */,
			);
			runOnlyForDeploymentPostprocessing = 0;
		};
/* End PBXSourcesBuildPhase section */

/* Begin PBXTargetDependency section */
		8E8B8D7B1F710DEA002EBF80 /* PBXTargetDependency */ = {
			isa = PBXTargetDependency;
			target = 8E8B8D6D1F710DEA002EBF80 /* Fly */;
			targetProxy = 8E8B8D7A1F710DEA002EBF80 /* PBXContainerItemProxy */;
		};
		8EA3DBAE2122EF9F008463E8 /* PBXTargetDependency */ = {
			isa = PBXTargetDependency;
			target = 8E8B8D571F710DC1002EBF80 /* FlyCoding */;
			targetProxy = 8EA3DBAD2122EF9F008463E8 /* PBXContainerItemProxy */;
		};
		8EF490C8204D2F40003F62DF /* PBXTargetDependency */ = {
			isa = PBXTargetDependency;
			target = 8EF490BD204D2F40003F62DF /* ClearInvalidReference */;
			targetProxy = 8EF490C7204D2F40003F62DF /* PBXContainerItemProxy */;
		};
/* End PBXTargetDependency section */

/* Begin PBXVariantGroup section */
		8E8B8D611F710DC1002EBF80 /* Main.storyboard */ = {
			isa = PBXVariantGroup;
			children = (
				8E8B8D621F710DC1002EBF80 /* Base */,
			);
			name = Main.storyboard;
			sourceTree = "<group>";
		};
/* End PBXVariantGroup section */

/* Begin XCBuildConfiguration section */
		8E8B8D651F710DC1002EBF80 /* Debug */ = {
			isa = XCBuildConfiguration;
			buildSettings = {
				ALWAYS_SEARCH_USER_PATHS = NO;
				CLANG_ANALYZER_NONNULL = YES;
				CLANG_ANALYZER_NUMBER_OBJECT_CONVERSION = YES_AGGRESSIVE;
				CLANG_CXX_LANGUAGE_STANDARD = "gnu++0x";
				CLANG_CXX_LIBRARY = "libc++";
				CLANG_ENABLE_MODULES = YES;
				CLANG_ENABLE_OBJC_ARC = YES;
				CLANG_WARN_BLOCK_CAPTURE_AUTORELEASING = YES;
				CLANG_WARN_BOOL_CONVERSION = YES;
				CLANG_WARN_COMMA = YES;
				CLANG_WARN_CONSTANT_CONVERSION = YES;
				CLANG_WARN_DIRECT_OBJC_ISA_USAGE = YES_ERROR;
				CLANG_WARN_DOCUMENTATION_COMMENTS = YES;
				CLANG_WARN_EMPTY_BODY = YES;
				CLANG_WARN_ENUM_CONVERSION = YES;
				CLANG_WARN_INFINITE_RECURSION = YES;
				CLANG_WARN_INT_CONVERSION = YES;
				CLANG_WARN_NON_LITERAL_NULL_CONVERSION = YES;
				CLANG_WARN_OBJC_LITERAL_CONVERSION = YES;
				CLANG_WARN_OBJC_ROOT_CLASS = YES_ERROR;
				CLANG_WARN_RANGE_LOOP_ANALYSIS = YES;
				CLANG_WARN_STRICT_PROTOTYPES = YES;
				CLANG_WARN_SUSPICIOUS_MOVE = YES;
				CLANG_WARN_UNREACHABLE_CODE = YES;
				CLANG_WARN__DUPLICATE_METHOD_MATCH = YES;
				CODE_SIGN_IDENTITY = "-";
				COPY_PHASE_STRIP = NO;
				DEBUG_INFORMATION_FORMAT = dwarf;
				ENABLE_STRICT_OBJC_MSGSEND = YES;
				ENABLE_TESTABILITY = YES;
				GCC_C_LANGUAGE_STANDARD = gnu99;
				GCC_DYNAMIC_NO_PIC = NO;
				GCC_NO_COMMON_BLOCKS = YES;
				GCC_OPTIMIZATION_LEVEL = 0;
				GCC_PREPROCESSOR_DEFINITIONS = (
					"DEBUG=1",
					"$(inherited)",
				);
				GCC_WARN_64_TO_32_BIT_CONVERSION = YES;
				GCC_WARN_ABOUT_RETURN_TYPE = YES_ERROR;
				GCC_WARN_UNDECLARED_SELECTOR = YES;
				GCC_WARN_UNINITIALIZED_AUTOS = YES_AGGRESSIVE;
				GCC_WARN_UNUSED_FUNCTION = YES;
				GCC_WARN_UNUSED_VARIABLE = YES;
				MACOSX_DEPLOYMENT_TARGET = 10.12;
				MTL_ENABLE_DEBUG_INFO = YES;
				ONLY_ACTIVE_ARCH = YES;
				SDKROOT = macosx;
				SWIFT_ACTIVE_COMPILATION_CONDITIONS = DEBUG;
				SWIFT_OPTIMIZATION_LEVEL = "-Onone";
			};
			name = Debug;
		};
		8E8B8D661F710DC1002EBF80 /* Release */ = {
			isa = XCBuildConfiguration;
			buildSettings = {
				ALWAYS_SEARCH_USER_PATHS = NO;
				CLANG_ANALYZER_NONNULL = YES;
				CLANG_ANALYZER_NUMBER_OBJECT_CONVERSION = YES_AGGRESSIVE;
				CLANG_CXX_LANGUAGE_STANDARD = "gnu++0x";
				CLANG_CXX_LIBRARY = "libc++";
				CLANG_ENABLE_MODULES = YES;
				CLANG_ENABLE_OBJC_ARC = YES;
				CLANG_WARN_BLOCK_CAPTURE_AUTORELEASING = YES;
				CLANG_WARN_BOOL_CONVERSION = YES;
				CLANG_WARN_COMMA = YES;
				CLANG_WARN_CONSTANT_CONVERSION = YES;
				CLANG_WARN_DIRECT_OBJC_ISA_USAGE = YES_ERROR;
				CLANG_WARN_DOCUMENTATION_COMMENTS = YES;
				CLANG_WARN_EMPTY_BODY = YES;
				CLANG_WARN_ENUM_CONVERSION = YES;
				CLANG_WARN_INFINITE_RECURSION = YES;
				CLANG_WARN_INT_CONVERSION = YES;
				CLANG_WARN_NON_LITERAL_NULL_CONVERSION = YES;
				CLANG_WARN_OBJC_LITERAL_CONVERSION = YES;
				CLANG_WARN_OBJC_ROOT_CLASS = YES_ERROR;
				CLANG_WARN_RANGE_LOOP_ANALYSIS = YES;
				CLANG_WARN_STRICT_PROTOTYPES = YES;
				CLANG_WARN_SUSPICIOUS_MOVE = YES;
				CLANG_WARN_UNREACHABLE_CODE = YES;
				CLANG_WARN__DUPLICATE_METHOD_MATCH = YES;
				CODE_SIGN_IDENTITY = "-";
				COPY_PHASE_STRIP = NO;
				DEBUG_INFORMATION_FORMAT = "dwarf-with-dsym";
				ENABLE_NS_ASSERTIONS = NO;
				ENABLE_STRICT_OBJC_MSGSEND = YES;
				GCC_C_LANGUAGE_STANDARD = gnu99;
				GCC_NO_COMMON_BLOCKS = YES;
				GCC_WARN_64_TO_32_BIT_CONVERSION = YES;
				GCC_WARN_ABOUT_RETURN_TYPE = YES_ERROR;
				GCC_WARN_UNDECLARED_SELECTOR = YES;
				GCC_WARN_UNINITIALIZED_AUTOS = YES_AGGRESSIVE;
				GCC_WARN_UNUSED_FUNCTION = YES;
				GCC_WARN_UNUSED_VARIABLE = YES;
				MACOSX_DEPLOYMENT_TARGET = 10.12;
				MTL_ENABLE_DEBUG_INFO = NO;
				SDKROOT = macosx;
				SWIFT_OPTIMIZATION_LEVEL = "-Owholemodule";
			};
			name = Release;
		};
		8E8B8D681F710DC1002EBF80 /* Debug */ = {
			isa = XCBuildConfiguration;
			buildSettings = {
				ALWAYS_EMBED_SWIFT_STANDARD_LIBRARIES = YES;
				ASSETCATALOG_COMPILER_APPICON_NAME = AppIcon;
				CODE_SIGN_IDENTITY = "Mac Developer";
				COMBINE_HIDPI_IMAGES = YES;
				DEVELOPMENT_TEAM = 7467638S34;
				INFOPLIST_FILE = FlyCoding/Info.plist;
				LD_RUNPATH_SEARCH_PATHS = "$(inherited) @executable_path/../Frameworks";
				PRODUCT_BUNDLE_IDENTIFIER = com.ssbun.www.FlyCoding;
				PRODUCT_NAME = "$(TARGET_NAME)";
				PROVISIONING_PROFILE_SPECIFIER = "";
				SWIFT_SWIFT3_OBJC_INFERENCE = Default;
				SWIFT_VERSION = 4.0;
			};
			name = Debug;
		};
		8E8B8D691F710DC1002EBF80 /* Release */ = {
			isa = XCBuildConfiguration;
			buildSettings = {
				ALWAYS_EMBED_SWIFT_STANDARD_LIBRARIES = YES;
				ASSETCATALOG_COMPILER_APPICON_NAME = AppIcon;
				CODE_SIGN_IDENTITY = "Mac Developer";
				COMBINE_HIDPI_IMAGES = YES;
				DEVELOPMENT_TEAM = 7467638S34;
				INFOPLIST_FILE = FlyCoding/Info.plist;
				LD_RUNPATH_SEARCH_PATHS = "$(inherited) @executable_path/../Frameworks";
				PRODUCT_BUNDLE_IDENTIFIER = com.ssbun.www.FlyCoding;
				PRODUCT_NAME = "$(TARGET_NAME)";
				PROVISIONING_PROFILE_SPECIFIER = "";
				SWIFT_SWIFT3_OBJC_INFERENCE = Default;
				SWIFT_VERSION = 4.0;
			};
			name = Release;
		};
		8E8B8D7E1F710DEA002EBF80 /* Debug */ = {
			isa = XCBuildConfiguration;
			buildSettings = {
				CODE_SIGN_ENTITLEMENTS = Fly/Fly_Coding.entitlements;
				CODE_SIGN_IDENTITY = "Mac Developer";
				COMBINE_HIDPI_IMAGES = YES;
				DEVELOPMENT_TEAM = 7467638S34;
				INFOPLIST_FILE = "$(SRCROOT)/Fly/Info.plist";
				LD_RUNPATH_SEARCH_PATHS = "$(inherited) @executable_path/../Frameworks @executable_path/../../../../Frameworks";
				MACOSX_DEPLOYMENT_TARGET = 10.11;
				PRODUCT_BUNDLE_IDENTIFIER = "com.ssbun.www.FlyCoding.Fly-Coding";
				PRODUCT_NAME = "$(TARGET_NAME)";
				PROVISIONING_PROFILE_SPECIFIER = "";
				SKIP_INSTALL = YES;
				SWIFT_SWIFT3_OBJC_INFERENCE = Default;
				SWIFT_VERSION = 4.0;
			};
			name = Debug;
		};
		8E8B8D7F1F710DEA002EBF80 /* Release */ = {
			isa = XCBuildConfiguration;
			buildSettings = {
				CODE_SIGN_ENTITLEMENTS = Fly/Fly_Coding.entitlements;
				CODE_SIGN_IDENTITY = "Mac Developer";
				COMBINE_HIDPI_IMAGES = YES;
				DEVELOPMENT_TEAM = 7467638S34;
				INFOPLIST_FILE = "$(SRCROOT)/Fly/Info.plist";
				LD_RUNPATH_SEARCH_PATHS = "$(inherited) @executable_path/../Frameworks @executable_path/../../../../Frameworks";
				MACOSX_DEPLOYMENT_TARGET = 10.11;
				PRODUCT_BUNDLE_IDENTIFIER = "com.ssbun.www.FlyCoding.Fly-Coding";
				PRODUCT_NAME = "$(TARGET_NAME)";
				PROVISIONING_PROFILE_SPECIFIER = "";
				SKIP_INSTALL = YES;
				SWIFT_SWIFT3_OBJC_INFERENCE = Default;
				SWIFT_VERSION = 4.0;
			};
			name = Release;
		};
		8EA3DBAF2122EF9F008463E8 /* Debug */ = {
			isa = XCBuildConfiguration;
			buildSettings = {
				BUNDLE_LOADER = "$(TEST_HOST)";
				CLANG_CXX_LANGUAGE_STANDARD = "gnu++14";
				CLANG_ENABLE_OBJC_WEAK = YES;
				CLANG_WARN_DEPRECATED_OBJC_IMPLEMENTATIONS = YES;
				CLANG_WARN_OBJC_IMPLICIT_RETAIN_SELF = YES;
				CLANG_WARN_UNGUARDED_AVAILABILITY = YES_AGGRESSIVE;
				CODE_SIGN_IDENTITY = "Mac Developer";
				CODE_SIGN_STYLE = Automatic;
				COMBINE_HIDPI_IMAGES = YES;
				DEVELOPMENT_TEAM = 7467638S34;
				GCC_C_LANGUAGE_STANDARD = gnu11;
				INFOPLIST_FILE = FlyCodingTests/Info.plist;
				LD_RUNPATH_SEARCH_PATHS = "$(inherited) @executable_path/../Frameworks @loader_path/../Frameworks";
				MACOSX_DEPLOYMENT_TARGET = 10.14;
				MTL_ENABLE_DEBUG_INFO = INCLUDE_SOURCE;
				PRODUCT_BUNDLE_IDENTIFIER = com.ssbun.www.FlyCodingTests;
				PRODUCT_NAME = "$(TARGET_NAME)";
				SWIFT_VERSION = 4.2;
				TEST_HOST = "$(BUILT_PRODUCTS_DIR)/FlyCoding.app/Contents/MacOS/FlyCoding";
			};
			name = Debug;
		};
		8EA3DBB02122EF9F008463E8 /* Release */ = {
			isa = XCBuildConfiguration;
			buildSettings = {
				BUNDLE_LOADER = "$(TEST_HOST)";
				CLANG_CXX_LANGUAGE_STANDARD = "gnu++14";
				CLANG_ENABLE_OBJC_WEAK = YES;
				CLANG_WARN_DEPRECATED_OBJC_IMPLEMENTATIONS = YES;
				CLANG_WARN_OBJC_IMPLICIT_RETAIN_SELF = YES;
				CLANG_WARN_UNGUARDED_AVAILABILITY = YES_AGGRESSIVE;
				CODE_SIGN_IDENTITY = "Mac Developer";
				CODE_SIGN_STYLE = Automatic;
				COMBINE_HIDPI_IMAGES = YES;
				DEVELOPMENT_TEAM = 7467638S34;
				GCC_C_LANGUAGE_STANDARD = gnu11;
				INFOPLIST_FILE = FlyCodingTests/Info.plist;
				LD_RUNPATH_SEARCH_PATHS = "$(inherited) @executable_path/../Frameworks @loader_path/../Frameworks";
				MACOSX_DEPLOYMENT_TARGET = 10.14;
				PRODUCT_BUNDLE_IDENTIFIER = com.ssbun.www.FlyCodingTests;
				PRODUCT_NAME = "$(TARGET_NAME)";
				SWIFT_VERSION = 4.2;
				TEST_HOST = "$(BUILT_PRODUCTS_DIR)/FlyCoding.app/Contents/MacOS/FlyCoding";
			};
			name = Release;
		};
		8EF490CA204D2F40003F62DF /* Debug */ = {
			isa = XCBuildConfiguration;
			buildSettings = {
				CLANG_CXX_LANGUAGE_STANDARD = "gnu++14";
				CLANG_WARN_UNGUARDED_AVAILABILITY = YES_AGGRESSIVE;
				CODE_SIGN_ENTITLEMENTS = ClearInvalidReference/ClearInvalidReference.entitlements;
				CODE_SIGN_IDENTITY = "Mac Developer";
				CODE_SIGN_STYLE = Automatic;
				COMBINE_HIDPI_IMAGES = YES;
				DEVELOPMENT_TEAM = 7467638S34;
				GCC_C_LANGUAGE_STANDARD = gnu11;
				INFOPLIST_FILE = ClearInvalidReference/Info.plist;
				LD_RUNPATH_SEARCH_PATHS = "$(inherited) @executable_path/../Frameworks @executable_path/../../../../Frameworks";
				MACOSX_DEPLOYMENT_TARGET = 10.13;
				PRODUCT_BUNDLE_IDENTIFIER = com.ssbun.www.FlyCoding.ClearInvalidReference;
				PRODUCT_NAME = "$(TARGET_NAME)";
				SKIP_INSTALL = YES;
				SWIFT_VERSION = 4.0;
			};
			name = Debug;
		};
		8EF490CB204D2F40003F62DF /* Release */ = {
			isa = XCBuildConfiguration;
			buildSettings = {
				CLANG_CXX_LANGUAGE_STANDARD = "gnu++14";
				CLANG_WARN_UNGUARDED_AVAILABILITY = YES_AGGRESSIVE;
				CODE_SIGN_ENTITLEMENTS = ClearInvalidReference/ClearInvalidReference.entitlements;
				CODE_SIGN_IDENTITY = "Mac Developer";
				CODE_SIGN_STYLE = Automatic;
				COMBINE_HIDPI_IMAGES = YES;
				DEVELOPMENT_TEAM = 7467638S34;
				GCC_C_LANGUAGE_STANDARD = gnu11;
				INFOPLIST_FILE = ClearInvalidReference/Info.plist;
				LD_RUNPATH_SEARCH_PATHS = "$(inherited) @executable_path/../Frameworks @executable_path/../../../../Frameworks";
				MACOSX_DEPLOYMENT_TARGET = 10.13;
				PRODUCT_BUNDLE_IDENTIFIER = com.ssbun.www.FlyCoding.ClearInvalidReference;
				PRODUCT_NAME = "$(TARGET_NAME)";
				SKIP_INSTALL = YES;
				SWIFT_VERSION = 4.0;
			};
			name = Release;
		};
/* End XCBuildConfiguration section */

/* Begin XCConfigurationList section */
		8E8B8D531F710DC1002EBF80 /* Build configuration list for PBXProject "FlyCoding" */ = {
			isa = XCConfigurationList;
			buildConfigurations = (
				8E8B8D651F710DC1002EBF80 /* Debug */,
				8E8B8D661F710DC1002EBF80 /* Release */,
			);
			defaultConfigurationIsVisible = 0;
			defaultConfigurationName = Release;
		};
		8E8B8D671F710DC1002EBF80 /* Build configuration list for PBXNativeTarget "FlyCoding" */ = {
			isa = XCConfigurationList;
			buildConfigurations = (
				8E8B8D681F710DC1002EBF80 /* Debug */,
				8E8B8D691F710DC1002EBF80 /* Release */,
			);
			defaultConfigurationIsVisible = 0;
			defaultConfigurationName = Release;
		};
		8E8B8D7D1F710DEA002EBF80 /* Build configuration list for PBXNativeTarget "Fly" */ = {
			isa = XCConfigurationList;
			buildConfigurations = (
				8E8B8D7E1F710DEA002EBF80 /* Debug */,
				8E8B8D7F1F710DEA002EBF80 /* Release */,
			);
			defaultConfigurationIsVisible = 0;
			defaultConfigurationName = Release;
		};
		8EA3DBB12122EF9F008463E8 /* Build configuration list for PBXNativeTarget "FlyCodingTests" */ = {
			isa = XCConfigurationList;
			buildConfigurations = (
				8EA3DBAF2122EF9F008463E8 /* Debug */,
				8EA3DBB02122EF9F008463E8 /* Release */,
			);
			defaultConfigurationIsVisible = 0;
			defaultConfigurationName = Release;
		};
		8EF490CC204D2F40003F62DF /* Build configuration list for PBXNativeTarget "ClearInvalidReference" */ = {
			isa = XCConfigurationList;
			buildConfigurations = (
				8EF490CA204D2F40003F62DF /* Debug */,
				8EF490CB204D2F40003F62DF /* Release */,
			);
			defaultConfigurationIsVisible = 0;
			defaultConfigurationName = Release;
		};
/* End XCConfigurationList section */
	};
	rootObject = 8E8B8D501F710DC1002EBF80 /* Project object */;
}
