// !$*UTF8*$!
{
	archiveVersion = 1;
	classes = {
	};
	objectVersion = 46;
	objects = {

/* Begin PBXBuildFile section */
		8E8B8D5C1F710DC1002EBF80 /* AppDelegate.swift in Sources */ = {isa = PBXBuildFile; fileRef = 8E8B8D5B1F710DC1002EBF80 /* AppDelegate.swift */; };
		8E8B8D5E1F710DC1002EBF80 /* ViewController.swift in Sources */ = {isa = PBXBuildFile; fileRef = 8E8B8D5D1F710DC1002EBF80 /* ViewController.swift */; };
		8E8B8D601F710DC1002EBF80 /* Assets.xcassets in Resources */ = {isa = PBXBuildFile; fileRef = 8E8B8D5F1F710DC1002EBF80 /* Assets.xcassets */; };
		8E8B8D631F710DC1002EBF80 /* Main.storyboard in Resources */ = {isa = PBXBuildFile; fileRef = 8E8B8D611F710DC1002EBF80 /* Main.storyboard */; };
		8E8B8D711F710DEA002EBF80 /* Cocoa.framework in Frameworks */ = {isa = PBXBuildFile; fileRef = 8E8B8D701F710DEA002EBF80 /* Cocoa.framework */; };
		8E8B8D761F710DEA002EBF80 /* SourceEditorExtension.swift in Sources */ = {isa = PBXBuildFile; fileRef = 8E8B8D751F710DEA002EBF80 /* SourceEditorExtension.swift */; };
		8E8B8D781F710DEA002EBF80 /* SourceEditorCommand.swift in Sources */ = {isa = PBXBuildFile; fileRef = 8E8B8D771F710DEA002EBF80 /* SourceEditorCommand.swift */; };
		8E8B8D7C1F710DEA002EBF80 /* Fly Coding.appex in Embed App Extensions */ = {isa = PBXBuildFile; fileRef = 8E8B8D6E1F710DEA002EBF80 /* Fly Coding.appex */; settings = {ATTRIBUTES = (RemoveHeadersOnCopy, ); }; };
		8EF3B3F31F73BB20002BB6D1 /* Model.swift in Sources */ = {isa = PBXBuildFile; fileRef = 8EF3B3F21F73BB20002BB6D1 /* Model.swift */; };
		8EF3B3F71F74AC22002BB6D1 /* Match.swift in Sources */ = {isa = PBXBuildFile; fileRef = 8EF3B3F61F74AC22002BB6D1 /* Match.swift */; };
		8EF3B3F91F74EABF002BB6D1 /* SnapExpression.swift in Sources */ = {isa = PBXBuildFile; fileRef = 8EF3B3F81F74EABF002BB6D1 /* SnapExpression.swift */; };
/* End PBXBuildFile section */

/* Begin PBXContainerItemProxy section */
		8E8B8D7A1F710DEA002EBF80 /* PBXContainerItemProxy */ = {
			isa = PBXContainerItemProxy;
			containerPortal = 8E8B8D501F710DC1002EBF80 /* Project object */;
			proxyType = 1;
			remoteGlobalIDString = 8E8B8D6D1F710DEA002EBF80;
			remoteInfo = "Fly Coding";
		};
/* End PBXContainerItemProxy section */

/* Begin PBXCopyFilesBuildPhase section */
		8E8B8D801F710DEA002EBF80 /* Embed App Extensions */ = {
			isa = PBXCopyFilesBuildPhase;
			buildActionMask = 2147483647;
			dstPath = "";
			dstSubfolderSpec = 13;
			files = (
				8E8B8D7C1F710DEA002EBF80 /* Fly Coding.appex in Embed App Extensions */,
			);
			name = "Embed App Extensions";
			runOnlyForDeploymentPostprocessing = 0;
		};
/* End PBXCopyFilesBuildPhase section */

/* Begin PBXFileReference section */
		8E8B8D581F710DC1002EBF80 /* FlyCoding.app */ = {isa = PBXFileReference; explicitFileType = wrapper.application; includeInIndex = 0; path = FlyCoding.app; sourceTree = BUILT_PRODUCTS_DIR; };
		8E8B8D5B1F710DC1002EBF80 /* AppDelegate.swift */ = {isa = PBXFileReference; lastKnownFileType = sourcecode.swift; path = AppDelegate.swift; sourceTree = "<group>"; };
		8E8B8D5D1F710DC1002EBF80 /* ViewController.swift */ = {isa = PBXFileReference; lastKnownFileType = sourcecode.swift; path = ViewController.swift; sourceTree = "<group>"; };
		8E8B8D5F1F710DC1002EBF80 /* Assets.xcassets */ = {isa = PBXFileReference; lastKnownFileType = folder.assetcatalog; path = Assets.xcassets; sourceTree = "<group>"; };
		8E8B8D621F710DC1002EBF80 /* Base */ = {isa = PBXFileReference; lastKnownFileType = file.storyboard; name = Base; path = Base.lproj/Main.storyboard; sourceTree = "<group>"; };
		8E8B8D641F710DC1002EBF80 /* Info.plist */ = {isa = PBXFileReference; lastKnownFileType = text.plist.xml; path = Info.plist; sourceTree = "<group>"; };
		8E8B8D6E1F710DEA002EBF80 /* Fly Coding.appex */ = {isa = PBXFileReference; explicitFileType = "wrapper.app-extension"; includeInIndex = 0; path = "Fly Coding.appex"; sourceTree = BUILT_PRODUCTS_DIR; };
		8E8B8D701F710DEA002EBF80 /* Cocoa.framework */ = {isa = PBXFileReference; lastKnownFileType = wrapper.framework; name = Cocoa.framework; path = System/Library/Frameworks/Cocoa.framework; sourceTree = SDKROOT; };
		8E8B8D741F710DEA002EBF80 /* Fly_Coding.entitlements */ = {isa = PBXFileReference; lastKnownFileType = text.plist.entitlements; path = Fly_Coding.entitlements; sourceTree = "<group>"; };
		8E8B8D751F710DEA002EBF80 /* SourceEditorExtension.swift */ = {isa = PBXFileReference; lastKnownFileType = sourcecode.swift; path = SourceEditorExtension.swift; sourceTree = "<group>"; };
		8E8B8D771F710DEA002EBF80 /* SourceEditorCommand.swift */ = {isa = PBXFileReference; lastKnownFileType = sourcecode.swift; path = SourceEditorCommand.swift; sourceTree = "<group>"; };
		8E8B8D791F710DEA002EBF80 /* Info.plist */ = {isa = PBXFileReference; lastKnownFileType = text.plist.xml; path = Info.plist; sourceTree = "<group>"; };
		8EF3B3F21F73BB20002BB6D1 /* Model.swift */ = {isa = PBXFileReference; lastKnownFileType = sourcecode.swift; path = Model.swift; sourceTree = "<group>"; };
		8EF3B3F61F74AC22002BB6D1 /* Match.swift */ = {isa = PBXFileReference; lastKnownFileType = sourcecode.swift; path = Match.swift; sourceTree = "<group>"; };
		8EF3B3F81F74EABF002BB6D1 /* SnapExpression.swift */ = {isa = PBXFileReference; lastKnownFileType = sourcecode.swift; path = SnapExpression.swift; sourceTree = "<group>"; };
/* End PBXFileReference section */

/* Begin PBXFrameworksBuildPhase section */
		8E8B8D551F710DC1002EBF80 /* Frameworks */ = {
			isa = PBXFrameworksBuildPhase;
			buildActionMask = 2147483647;
			files = (
			);
			runOnlyForDeploymentPostprocessing = 0;
		};
		8E8B8D6B1F710DEA002EBF80 /* Frameworks */ = {
			isa = PBXFrameworksBuildPhase;
			buildActionMask = 2147483647;
			files = (
				8E8B8D711F710DEA002EBF80 /* Cocoa.framework in Frameworks */,
			);
			runOnlyForDeploymentPostprocessing = 0;
		};
/* End PBXFrameworksBuildPhase section */

/* Begin PBXGroup section */
		8E8B8D4F1F710DC1002EBF80 = {
			isa = PBXGroup;
			children = (
				8E8B8D5A1F710DC1002EBF80 /* FlyCoding */,
				8E8B8D721F710DEA002EBF80 /* Fly Coding */,
				8E8B8D6F1F710DEA002EBF80 /* Frameworks */,
				8E8B8D591F710DC1002EBF80 /* Products */,
			);
			sourceTree = "<group>";
		};
		8E8B8D591F710DC1002EBF80 /* Products */ = {
			isa = PBXGroup;
			children = (
				8E8B8D581F710DC1002EBF80 /* FlyCoding.app */,
				8E8B8D6E1F710DEA002EBF80 /* Fly Coding.appex */,
			);
			name = Products;
			sourceTree = "<group>";
		};
		8E8B8D5A1F710DC1002EBF80 /* FlyCoding */ = {
			isa = PBXGroup;
			children = (
				8E8B8D5B1F710DC1002EBF80 /* AppDelegate.swift */,
				8E8B8D5D1F710DC1002EBF80 /* ViewController.swift */,
				8E8B8D5F1F710DC1002EBF80 /* Assets.xcassets */,
				8E8B8D611F710DC1002EBF80 /* Main.storyboard */,
				8E8B8D641F710DC1002EBF80 /* Info.plist */,
			);
			path = FlyCoding;
			sourceTree = "<group>";
		};
		8E8B8D6F1F710DEA002EBF80 /* Frameworks */ = {
			isa = PBXGroup;
			children = (
				8E8B8D701F710DEA002EBF80 /* Cocoa.framework */,
			);
			name = Frameworks;
			sourceTree = "<group>";
		};
		8E8B8D721F710DEA002EBF80 /* Fly Coding */ = {
			isa = PBXGroup;
			children = (
				8E8B8D751F710DEA002EBF80 /* SourceEditorExtension.swift */,
				8E8B8D771F710DEA002EBF80 /* SourceEditorCommand.swift */,
				8EF3B3F81F74EABF002BB6D1 /* SnapExpression.swift */,
				8EF3B3F21F73BB20002BB6D1 /* Model.swift */,
				8EF3B3F61F74AC22002BB6D1 /* Match.swift */,
				8E8B8D791F710DEA002EBF80 /* Info.plist */,
				8E8B8D731F710DEA002EBF80 /* Supporting Files */,
			);
			path = "Fly Coding";
			sourceTree = "<group>";
		};
		8E8B8D731F710DEA002EBF80 /* Supporting Files */ = {
			isa = PBXGroup;
			children = (
				8E8B8D741F710DEA002EBF80 /* Fly_Coding.entitlements */,
			);
			name = "Supporting Files";
			sourceTree = "<group>";
		};
/* End PBXGroup section */

/* Begin PBXNativeTarget section */
		8E8B8D571F710DC1002EBF80 /* FlyCoding */ = {
			isa = PBXNativeTarget;
			buildConfigurationList = 8E8B8D671F710DC1002EBF80 /* Build configuration list for PBXNativeTarget "FlyCoding" */;
			buildPhases = (
				8E8B8D541F710DC1002EBF80 /* Sources */,
				8E8B8D551F710DC1002EBF80 /* Frameworks */,
				8E8B8D561F710DC1002EBF80 /* Resources */,
				8E8B8D801F710DEA002EBF80 /* Embed App Extensions */,
			);
			buildRules = (
			);
			dependencies = (
				8E8B8D7B1F710DEA002EBF80 /* PBXTargetDependency */,
			);
			name = FlyCoding;
			productName = FlyCoding;
			productReference = 8E8B8D581F710DC1002EBF80 /* FlyCoding.app */;
			productType = "com.apple.product-type.application";
		};
		8E8B8D6D1F710DEA002EBF80 /* Fly Coding */ = {
			isa = PBXNativeTarget;
			buildConfigurationList = 8E8B8D7D1F710DEA002EBF80 /* Build configuration list for PBXNativeTarget "Fly Coding" */;
			buildPhases = (
				8E8B8D6A1F710DEA002EBF80 /* Sources */,
				8E8B8D6B1F710DEA002EBF80 /* Frameworks */,
				8E8B8D6C1F710DEA002EBF80 /* Resources */,
			);
			buildRules = (
			);
			dependencies = (
			);
			name = "Fly Coding";
			productName = "Fly Coding";
			productReference = 8E8B8D6E1F710DEA002EBF80 /* Fly Coding.appex */;
			productType = "com.apple.product-type.xcode-extension";
		};
/* End PBXNativeTarget section */

/* Begin PBXProject section */
		8E8B8D501F710DC1002EBF80 /* Project object */ = {
			isa = PBXProject;
			attributes = {
				LastSwiftUpdateCheck = 0900;
				LastUpgradeCheck = 0830;
				ORGANIZATIONNAME = SSBun;
				TargetAttributes = {
					8E8B8D571F710DC1002EBF80 = {
						CreatedOnToolsVersion = 8.3.3;
						DevelopmentTeam = 7467638S34;
						ProvisioningStyle = Automatic;
					};
					8E8B8D6D1F710DEA002EBF80 = {
						CreatedOnToolsVersion = 8.3.3;
						DevelopmentTeam = 7467638S34;
						ProvisioningStyle = Automatic;
					};
				};
			};
			buildConfigurationList = 8E8B8D531F710DC1002EBF80 /* Build configuration list for PBXProject "FlyCoding" */;
			compatibilityVersion = "Xcode 3.2";
			developmentRegion = English;
			hasScannedForEncodings = 0;
			knownRegions = (
				en,
				Base,
			);
			mainGroup = 8E8B8D4F1F710DC1002EBF80;
			productRefGroup = 8E8B8D591F710DC1002EBF80 /* Products */;
			projectDirPath = "";
			projectRoot = "";
			targets = (
				8E8B8D571F710DC1002EBF80 /* FlyCoding */,
				8E8B8D6D1F710DEA002EBF80 /* Fly Coding */,
			);
		};
/* End PBXProject section */

/* Begin PBXResourcesBuildPhase section */
		8E8B8D561F710DC1002EBF80 /* Resources */ = {
			isa = PBXResourcesBuildPhase;
			buildActionMask = 2147483647;
			files = (
				8E8B8D601F710DC1002EBF80 /* Assets.xcassets in Resources */,
				8E8B8D631F710DC1002EBF80 /* Main.storyboard in Resources */,
			);
			runOnlyForDeploymentPostprocessing = 0;
		};
		8E8B8D6C1F710DEA002EBF80 /* Resources */ = {
			isa = PBXResourcesBuildPhase;
			buildActionMask = 2147483647;
			files = (
			);
			runOnlyForDeploymentPostprocessing = 0;
		};
/* End PBXResourcesBuildPhase section */

/* Begin PBXSourcesBuildPhase section */
		8E8B8D541F710DC1002EBF80 /* Sources */ = {
			isa = PBXSourcesBuildPhase;
			buildActionMask = 2147483647;
			files = (
				8E8B8D5E1F710DC1002EBF80 /* ViewController.swift in Sources */,
				8E8B8D5C1F710DC1002EBF80 /* AppDelegate.swift in Sources */,
			);
			runOnlyForDeploymentPostprocessing = 0;
		};
		8E8B8D6A1F710DEA002EBF80 /* Sources */ = {
			isa = PBXSourcesBuildPhase;
			buildActionMask = 2147483647;
			files = (
				8EF3B3F31F73BB20002BB6D1 /* Model.swift in Sources */,
				8E8B8D761F710DEA002EBF80 /* SourceEditorExtension.swift in Sources */,
				8EF3B3F91F74EABF002BB6D1 /* SnapExpression.swift in Sources */,
				8EF3B3F71F74AC22002BB6D1 /* Match.swift in Sources */,
				8E8B8D781F710DEA002EBF80 /* SourceEditorCommand.swift in Sources */,
			);
			runOnlyForDeploymentPostprocessing = 0;
		};
/* End PBXSourcesBuildPhase section */

/* Begin PBXTargetDependency section */
		8E8B8D7B1F710DEA002EBF80 /* PBXTargetDependency */ = {
			isa = PBXTargetDependency;
			target = 8E8B8D6D1F710DEA002EBF80 /* Fly Coding */;
			targetProxy = 8E8B8D7A1F710DEA002EBF80 /* PBXContainerItemProxy */;
		};
/* End PBXTargetDependency section */

/* Begin PBXVariantGroup section */
		8E8B8D611F710DC1002EBF80 /* Main.storyboard */ = {
			isa = PBXVariantGroup;
			children = (
				8E8B8D621F710DC1002EBF80 /* Base */,
			);
			name = Main.storyboard;
			sourceTree = "<group>";
		};
/* End PBXVariantGroup section */

/* Begin XCBuildConfiguration section */
		8E8B8D651F710DC1002EBF80 /* Debug */ = {
			isa = XCBuildConfiguration;
			buildSettings = {
				ALWAYS_SEARCH_USER_PATHS = NO;
				CLANG_ANALYZER_NONNULL = YES;
				CLANG_ANALYZER_NUMBER_OBJECT_CONVERSION = YES_AGGRESSIVE;
				CLANG_CXX_LANGUAGE_STANDARD = "gnu++0x";
				CLANG_CXX_LIBRARY = "libc++";
				CLANG_ENABLE_MODULES = YES;
				CLANG_ENABLE_OBJC_ARC = YES;
				CLANG_WARN_BOOL_CONVERSION = YES;
				CLANG_WARN_CONSTANT_CONVERSION = YES;
				CLANG_WARN_DIRECT_OBJC_ISA_USAGE = YES_ERROR;
				CLANG_WARN_DOCUMENTATION_COMMENTS = YES;
				CLANG_WARN_EMPTY_BODY = YES;
				CLANG_WARN_ENUM_CONVERSION = YES;
				CLANG_WARN_INFINITE_RECURSION = YES;
				CLANG_WARN_INT_CONVERSION = YES;
				CLANG_WARN_OBJC_ROOT_CLASS = YES_ERROR;
				CLANG_WARN_SUSPICIOUS_MOVE = YES;
				CLANG_WARN_UNREACHABLE_CODE = YES;
				CLANG_WARN__DUPLICATE_METHOD_MATCH = YES;
				CODE_SIGN_IDENTITY = "-";
				COPY_PHASE_STRIP = NO;
				DEBUG_INFORMATION_FORMAT = dwarf;
				ENABLE_STRICT_OBJC_MSGSEND = YES;
				ENABLE_TESTABILITY = YES;
				GCC_C_LANGUAGE_STANDARD = gnu99;
				GCC_DYNAMIC_NO_PIC = NO;
				GCC_NO_COMMON_BLOCKS = YES;
				GCC_OPTIMIZATION_LEVEL = 0;
				GCC_PREPROCESSOR_DEFINITIONS = (
					"DEBUG=1",
					"$(inherited)",
				);
				GCC_WARN_64_TO_32_BIT_CONVERSION = YES;
				GCC_WARN_ABOUT_RETURN_TYPE = YES_ERROR;
				GCC_WARN_UNDECLARED_SELECTOR = YES;
				GCC_WARN_UNINITIALIZED_AUTOS = YES_AGGRESSIVE;
				GCC_WARN_UNUSED_FUNCTION = YES;
				GCC_WARN_UNUSED_VARIABLE = YES;
				MACOSX_DEPLOYMENT_TARGET = 10.12;
				MTL_ENABLE_DEBUG_INFO = YES;
				ONLY_ACTIVE_ARCH = YES;
				SDKROOT = macosx;
				SWIFT_ACTIVE_COMPILATION_CONDITIONS = DEBUG;
				SWIFT_OPTIMIZATION_LEVEL = "-Onone";
			};
			name = Debug;
		};
		8E8B8D661F710DC1002EBF80 /* Release */ = {
			isa = XCBuildConfiguration;
			buildSettings = {
				ALWAYS_SEARCH_USER_PATHS = NO;
				CLANG_ANALYZER_NONNULL = YES;
				CLANG_ANALYZER_NUMBER_OBJECT_CONVERSION = YES_AGGRESSIVE;
				CLANG_CXX_LANGUAGE_STANDARD = "gnu++0x";
				CLANG_CXX_LIBRARY = "libc++";
				CLANG_ENABLE_MODULES = YES;
				CLANG_ENABLE_OBJC_ARC = YES;
				CLANG_WARN_BOOL_CONVERSION = YES;
				CLANG_WARN_CONSTANT_CONVERSION = YES;
				CLANG_WARN_DIRECT_OBJC_ISA_USAGE = YES_ERROR;
				CLANG_WARN_DOCUMENTATION_COMMENTS = YES;
				CLANG_WARN_EMPTY_BODY = YES;
				CLANG_WARN_ENUM_CONVERSION = YES;
				CLANG_WARN_INFINITE_RECURSION = YES;
				CLANG_WARN_INT_CONVERSION = YES;
				CLANG_WARN_OBJC_ROOT_CLASS = YES_ERROR;
				CLANG_WARN_SUSPICIOUS_MOVE = YES;
				CLANG_WARN_UNREACHABLE_CODE = YES;
				CLANG_WARN__DUPLICATE_METHOD_MATCH = YES;
				CODE_SIGN_IDENTITY = "-";
				COPY_PHASE_STRIP = NO;
				DEBUG_INFORMATION_FORMAT = "dwarf-with-dsym";
				ENABLE_NS_ASSERTIONS = NO;
				ENABLE_STRICT_OBJC_MSGSEND = YES;
				GCC_C_LANGUAGE_STANDARD = gnu99;
				GCC_NO_COMMON_BLOCKS = YES;
				GCC_WARN_64_TO_32_BIT_CONVERSION = YES;
				GCC_WARN_ABOUT_RETURN_TYPE = YES_ERROR;
				GCC_WARN_UNDECLARED_SELECTOR = YES;
				GCC_WARN_UNINITIALIZED_AUTOS = YES_AGGRESSIVE;
				GCC_WARN_UNUSED_FUNCTION = YES;
				GCC_WARN_UNUSED_VARIABLE = YES;
				MACOSX_DEPLOYMENT_TARGET = 10.12;
				MTL_ENABLE_DEBUG_INFO = NO;
				SDKROOT = macosx;
				SWIFT_OPTIMIZATION_LEVEL = "-Owholemodule";
			};
			name = Release;
		};
		8E8B8D681F710DC1002EBF80 /* Debug */ = {
			isa = XCBuildConfiguration;
			buildSettings = {
				ALWAYS_EMBED_SWIFT_STANDARD_LIBRARIES = YES;
				ASSETCATALOG_COMPILER_APPICON_NAME = AppIcon;
				CODE_SIGN_IDENTITY = "Mac Developer";
				COMBINE_HIDPI_IMAGES = YES;
				DEVELOPMENT_TEAM = 7467638S34;
				INFOPLIST_FILE = FlyCoding/Info.plist;
				LD_RUNPATH_SEARCH_PATHS = "$(inherited) @executable_path/../Frameworks";
				PRODUCT_BUNDLE_IDENTIFIER = com.ssbun.www.FlyCoding;
				PRODUCT_NAME = "$(TARGET_NAME)";
				PROVISIONING_PROFILE_SPECIFIER = "";
				SWIFT_VERSION = 3.0;
			};
			name = Debug;
		};
		8E8B8D691F710DC1002EBF80 /* Release */ = {
			isa = XCBuildConfiguration;
			buildSettings = {
				ALWAYS_EMBED_SWIFT_STANDARD_LIBRARIES = YES;
				ASSETCATALOG_COMPILER_APPICON_NAME = AppIcon;
				CODE_SIGN_IDENTITY = "Mac Developer";
				COMBINE_HIDPI_IMAGES = YES;
				DEVELOPMENT_TEAM = 7467638S34;
				INFOPLIST_FILE = FlyCoding/Info.plist;
				LD_RUNPATH_SEARCH_PATHS = "$(inherited) @executable_path/../Frameworks";
				PRODUCT_BUNDLE_IDENTIFIER = com.ssbun.www.FlyCoding;
				PRODUCT_NAME = "$(TARGET_NAME)";
				PROVISIONING_PROFILE_SPECIFIER = "";
				SWIFT_VERSION = 3.0;
			};
			name = Release;
		};
		8E8B8D7E1F710DEA002EBF80 /* Debug */ = {
			isa = XCBuildConfiguration;
			buildSettings = {
				CODE_SIGN_ENTITLEMENTS = "Fly Coding/Fly_Coding.entitlements";
				CODE_SIGN_IDENTITY = "Mac Developer";
				COMBINE_HIDPI_IMAGES = YES;
				DEVELOPMENT_TEAM = 7467638S34;
				INFOPLIST_FILE = "Fly Coding/Info.plist";
				LD_RUNPATH_SEARCH_PATHS = "$(inherited) @executable_path/../Frameworks @executable_path/../../../../Frameworks";
				MACOSX_DEPLOYMENT_TARGET = 10.11;
				PRODUCT_BUNDLE_IDENTIFIER = "com.ssbun.www.FlyCoding.Fly-Coding";
				PRODUCT_NAME = "$(TARGET_NAME)";
				PROVISIONING_PROFILE_SPECIFIER = "";
				SKIP_INSTALL = YES;
				SWIFT_VERSION = 3.0;
			};
			name = Debug;
		};
		8E8B8D7F1F710DEA002EBF80 /* Release */ = {
			isa = XCBuildConfiguration;
			buildSettings = {
				CODE_SIGN_ENTITLEMENTS = "Fly Coding/Fly_Coding.entitlements";
				CODE_SIGN_IDENTITY = "Mac Developer";
				COMBINE_HIDPI_IMAGES = YES;
				DEVELOPMENT_TEAM = 7467638S34;
				INFOPLIST_FILE = "Fly Coding/Info.plist";
				LD_RUNPATH_SEARCH_PATHS = "$(inherited) @executable_path/../Frameworks @executable_path/../../../../Frameworks";
				MACOSX_DEPLOYMENT_TARGET = 10.11;
				PRODUCT_BUNDLE_IDENTIFIER = "com.ssbun.www.FlyCoding.Fly-Coding";
				PRODUCT_NAME = "$(TARGET_NAME)";
				PROVISIONING_PROFILE_SPECIFIER = "";
				SKIP_INSTALL = YES;
				SWIFT_VERSION = 3.0;
			};
			name = Release;
		};
/* End XCBuildConfiguration section */

/* Begin XCConfigurationList section */
		8E8B8D531F710DC1002EBF80 /* Build configuration list for PBXProject "FlyCoding" */ = {
			isa = XCConfigurationList;
			buildConfigurations = (
				8E8B8D651F710DC1002EBF80 /* Debug */,
				8E8B8D661F710DC1002EBF80 /* Release */,
			);
			defaultConfigurationIsVisible = 0;
			defaultConfigurationName = Release;
		};
		8E8B8D671F710DC1002EBF80 /* Build configuration list for PBXNativeTarget "FlyCoding" */ = {
			isa = XCConfigurationList;
			buildConfigurations = (
				8E8B8D681F710DC1002EBF80 /* Debug */,
				8E8B8D691F710DC1002EBF80 /* Release */,
			);
			defaultConfigurationIsVisible = 0;
			defaultConfigurationName = Release;
		};
		8E8B8D7D1F710DEA002EBF80 /* Build configuration list for PBXNativeTarget "Fly Coding" */ = {
			isa = XCConfigurationList;
			buildConfigurations = (
				8E8B8D7E1F710DEA002EBF80 /* Debug */,
				8E8B8D7F1F710DEA002EBF80 /* Release */,
			);
			defaultConfigurationIsVisible = 0;
			defaultConfigurationName = Release;
		};
/* End XCConfigurationList section */
	};
	rootObject = 8E8B8D501F710DC1002EBF80 /* Project object */;
}
