// !$*UTF8*$!
{
	archiveVersion = 1;
	classes = {
	};
	objectVersion = 51;
	objects = {

/* Begin PBXBuildFile section */
		C4D7D5282716714F008C4D89 /* AppDelegate.swift in Sources */ = {isa = PBXBuildFile; fileRef = C4D7D5272716714F008C4D89 /* AppDelegate.swift */; };
		C4D7D52A2716714F008C4D89 /* SceneDelegate.swift in Sources */ = {isa = PBXBuildFile; fileRef = C4D7D5292716714F008C4D89 /* SceneDelegate.swift */; };
		C4D7D52C2716714F008C4D89 /* ViewController.swift in Sources */ = {isa = PBXBuildFile; fileRef = C4D7D52B2716714F008C4D89 /* ViewController.swift */; };
		C4D7D52F2716714F008C4D89 /* Main.storyboard in Resources */ = {isa = PBXBuildFile; fileRef = C4D7D52D2716714F008C4D89 /* Main.storyboard */; };
		C4D7D53127167150008C4D89 /* Assets.xcassets in Resources */ = {isa = PBXBuildFile; fileRef = C4D7D53027167150008C4D89 /* Assets.xcassets */; };
		C4D7D53427167150008C4D89 /* LaunchScreen.storyboard in Resources */ = {isa = PBXBuildFile; fileRef = C4D7D53227167150008C4D89 /* LaunchScreen.storyboard */; };
		C4D7D53D271671D3008C4D89 /* SnapKitTest.swift in Sources */ = {isa = PBXBuildFile; fileRef = C4D7D53C271671D3008C4D89 /* SnapKitTest.swift */; };
		C4D7D54127167292008C4D89 /* MasonryTest.m in Sources */ = {isa = PBXBuildFile; fileRef = C4D7D54027167292008C4D89 /* MasonryTest.m */; };
		F936BB803EED5278420E6BF1 /* Pods_TestProject.framework in Frameworks */ = {isa = PBXBuildFile; fileRef = 5570E2F58A51D49BC8790594 /* Pods_TestProject.framework */; };
/* End PBXBuildFile section */

/* Begin PBXFileReference section */
		1E45B6D1291712EB80895C40 /* Pods-TestProject.release.xcconfig */ = {isa = PBXFileReference; includeInIndex = 1; lastKnownFileType = text.xcconfig; name = "Pods-TestProject.release.xcconfig"; path = "Target Support Files/Pods-TestProject/Pods-TestProject.release.xcconfig"; sourceTree = "<group>"; };
		5570E2F58A51D49BC8790594 /* Pods_TestProject.framework */ = {isa = PBXFileReference; explicitFileType = wrapper.framework; includeInIndex = 0; path = Pods_TestProject.framework; sourceTree = BUILT_PRODUCTS_DIR; };
		A1D5FAFBED73A65285CC3378 /* Pods-TestProject.debug.xcconfig */ = {isa = PBXFileReference; includeInIndex = 1; lastKnownFileType = text.xcconfig; name = "Pods-TestProject.debug.xcconfig"; path = "Target Support Files/Pods-TestProject/Pods-TestProject.debug.xcconfig"; sourceTree = "<group>"; };
		C4D7D5242716714F008C4D89 /* TestProject.app */ = {isa = PBXFileReference; explicitFileType = wrapper.application; includeInIndex = 0; path = TestProject.app; sourceTree = BUILT_PRODUCTS_DIR; };
		C4D7D5272716714F008C4D89 /* AppDelegate.swift */ = {isa = PBXFileReference; lastKnownFileType = sourcecode.swift; path = AppDelegate.swift; sourceTree = "<group>"; };
		C4D7D5292716714F008C4D89 /* SceneDelegate.swift */ = {isa = PBXFileReference; lastKnownFileType = sourcecode.swift; path = SceneDelegate.swift; sourceTree = "<group>"; };
		C4D7D52B2716714F008C4D89 /* ViewController.swift */ = {isa = PBXFileReference; lastKnownFileType = sourcecode.swift; path = ViewController.swift; sourceTree = "<group>"; };
		C4D7D52E2716714F008C4D89 /* Base */ = {isa = PBXFileReference; lastKnownFileType = file.storyboard; name = Base; path = Base.lproj/Main.storyboard; sourceTree = "<group>"; };
		C4D7D53027167150008C4D89 /* Assets.xcassets */ = {isa = PBXFileReference; lastKnownFileType = folder.assetcatalog; path = Assets.xcassets; sourceTree = "<group>"; };
		C4D7D53327167150008C4D89 /* Base */ = {isa = PBXFileReference; lastKnownFileType = file.storyboard; name = Base; path = Base.lproj/LaunchScreen.storyboard; sourceTree = "<group>"; };
		C4D7D53527167150008C4D89 /* Info.plist */ = {isa = PBXFileReference; lastKnownFileType = text.plist.xml; path = Info.plist; sourceTree = "<group>"; };
		C4D7D53C271671D3008C4D89 /* SnapKitTest.swift */ = {isa = PBXFileReference; lastKnownFileType = sourcecode.swift; path = SnapKitTest.swift; sourceTree = "<group>"; };
		C4D7D53E27167292008C4D89 /* TestProject-Bridging-Header.h */ = {isa = PBXFileReference; lastKnownFileType = sourcecode.c.h; path = "TestProject-Bridging-Header.h"; sourceTree = "<group>"; };
		C4D7D53F27167292008C4D89 /* MasonryTest.h */ = {isa = PBXFileReference; lastKnownFileType = sourcecode.c.h; path = MasonryTest.h; sourceTree = "<group>"; };
		C4D7D54027167292008C4D89 /* MasonryTest.m */ = {isa = PBXFileReference; lastKnownFileType = sourcecode.c.objc; path = MasonryTest.m; sourceTree = "<group>"; };
/* End PBXFileReference section */

/* Begin PBXFrameworksBuildPhase section */
		C4D7D5212716714F008C4D89 /* Frameworks */ = {
			isa = PBXFrameworksBuildPhase;
			buildActionMask = 2147483647;
			files = (
				F936BB803EED5278420E6BF1 /* Pods_TestProject.framework in Frameworks */,
			);
			runOnlyForDeploymentPostprocessing = 0;
		};
/* End PBXFrameworksBuildPhase section */

/* Begin PBXGroup section */
		8D3CC24E415FCAAFA0C98951 /* Frameworks */ = {
			isa = PBXGroup;
			children = (
				5570E2F58A51D49BC8790594 /* Pods_TestProject.framework */,
			);
			name = Frameworks;
			sourceTree = "<group>";
		};
		C4D7D51B2716714F008C4D89 = {
			isa = PBXGroup;
			children = (
				C4D7D5262716714F008C4D89 /* TestProject */,
				C4D7D5252716714F008C4D89 /* Products */,
				DE4F02ACAF9C73EB78A57112 /* Pods */,
				8D3CC24E415FCAAFA0C98951 /* Frameworks */,
			);
			sourceTree = "<group>";
		};
		C4D7D5252716714F008C4D89 /* Products */ = {
			isa = PBXGroup;
			children = (
				C4D7D5242716714F008C4D89 /* TestProject.app */,
			);
			name = Products;
			sourceTree = "<group>";
		};
		C4D7D5262716714F008C4D89 /* TestProject */ = {
			isa = PBXGroup;
			children = (
				C4D7D53B271671C1008C4D89 /* Test */,
				C4D7D5272716714F008C4D89 /* AppDelegate.swift */,
				C4D7D5292716714F008C4D89 /* SceneDelegate.swift */,
				C4D7D52B2716714F008C4D89 /* ViewController.swift */,
				C4D7D52D2716714F008C4D89 /* Main.storyboard */,
				C4D7D53027167150008C4D89 /* Assets.xcassets */,
				C4D7D53227167150008C4D89 /* LaunchScreen.storyboard */,
				C4D7D53527167150008C4D89 /* Info.plist */,
			);
			path = TestProject;
			sourceTree = "<group>";
		};
		C4D7D53B271671C1008C4D89 /* Test */ = {
			isa = PBXGroup;
			children = (
				C4D7D53C271671D3008C4D89 /* SnapKitTest.swift */,
				C4D7D53F27167292008C4D89 /* MasonryTest.h */,
				C4D7D54027167292008C4D89 /* MasonryTest.m */,
				C4D7D53E27167292008C4D89 /* TestProject-Bridging-Header.h */,
			);
			path = Test;
			sourceTree = "<group>";
		};
		DE4F02ACAF9C73EB78A57112 /* Pods */ = {
			isa = PBXGroup;
			children = (
				A1D5FAFBED73A65285CC3378 /* Pods-TestProject.debug.xcconfig */,
				1E45B6D1291712EB80895C40 /* Pods-TestProject.release.xcconfig */,
			);
			path = Pods;
			sourceTree = "<group>";
		};
/* End PBXGroup section */

/* Begin PBXNativeTarget section */
		C4D7D5232716714F008C4D89 /* TestProject */ = {
			isa = PBXNativeTarget;
			buildConfigurationList = C4D7D53827167150008C4D89 /* Build configuration list for PBXNativeTarget "TestProject" */;
			buildPhases = (
				887E88325CF8DC5617DDB4A1 /* [CP] Check Pods Manifest.lock */,
				C4D7D5202716714F008C4D89 /* Sources */,
				C4D7D5212716714F008C4D89 /* Frameworks */,
				C4D7D5222716714F008C4D89 /* Resources */,
				D91CE52D8A583A9353FF174A /* [CP] Embed Pods Frameworks */,
			);
			buildRules = (
			);
			dependencies = (
			);
			name = TestProject;
			productName = TestProject;
			productReference = C4D7D5242716714F008C4D89 /* TestProject.app */;
			productType = "com.apple.product-type.application";
		};
/* End PBXNativeTarget section */

/* Begin PBXProject section */
		C4D7D51C2716714F008C4D89 /* Project object */ = {
			isa = PBXProject;
			attributes = {
				LastSwiftUpdateCheck = 1250;
				LastUpgradeCheck = 1250;
				TargetAttributes = {
					C4D7D5232716714F008C4D89 = {
						CreatedOnToolsVersion = 12.5;
						LastSwiftMigration = 1250;
					};
				};
			};
			buildConfigurationList = C4D7D51F2716714F008C4D89 /* Build configuration list for PBXProject "TestProject" */;
			compatibilityVersion = "Xcode 9.3";
			developmentRegion = en;
			hasScannedForEncodings = 0;
			knownRegions = (
				en,
				Base,
			);
			mainGroup = C4D7D51B2716714F008C4D89;
			productRefGroup = C4D7D5252716714F008C4D89 /* Products */;
			projectDirPath = "";
			projectRoot = "";
			targets = (
				C4D7D5232716714F008C4D89 /* TestProject */,
			);
		};
/* End PBXProject section */

/* Begin PBXResourcesBuildPhase section */
		C4D7D5222716714F008C4D89 /* Resources */ = {
			isa = PBXResourcesBuildPhase;
			buildActionMask = 2147483647;
			files = (
				C4D7D53427167150008C4D89 /* LaunchScreen.storyboard in Resources */,
				C4D7D53127167150008C4D89 /* Assets.xcassets in Resources */,
				C4D7D52F2716714F008C4D89 /* Main.storyboard in Resources */,
			);
			runOnlyForDeploymentPostprocessing = 0;
		};
/* End PBXResourcesBuildPhase section */

/* Begin PBXShellScriptBuildPhase section */
		887E88325CF8DC5617DDB4A1 /* [CP] Check Pods Manifest.lock */ = {
			isa = PBXShellScriptBuildPhase;
			buildActionMask = 2147483647;
			files = (
			);
			inputFileListPaths = (
			);
			inputPaths = (
				"${PODS_PODFILE_DIR_PATH}/Podfile.lock",
				"${PODS_ROOT}/Manifest.lock",
			);
			name = "[CP] Check Pods Manifest.lock";
			outputFileListPaths = (
			);
			outputPaths = (
				"$(DERIVED_FILE_DIR)/Pods-TestProject-checkManifestLockResult.txt",
			);
			runOnlyForDeploymentPostprocessing = 0;
			shellPath = /bin/sh;
			shellScript = "diff \"${PODS_PODFILE_DIR_PATH}/Podfile.lock\" \"${PODS_ROOT}/Manifest.lock\" > /dev/null\nif [ $? != 0 ] ; then\n    # print error to STDERR\n    echo \"error: The sandbox is not in sync with the Podfile.lock. Run 'pod install' or update your CocoaPods installation.\" >&2\n    exit 1\nfi\n# This output is used by Xcode 'outputs' to avoid re-running this script phase.\necho \"SUCCESS\" > \"${SCRIPT_OUTPUT_FILE_0}\"\n";
			showEnvVarsInLog = 0;
		};
		D91CE52D8A583A9353FF174A /* [CP] Embed Pods Frameworks */ = {
			isa = PBXShellScriptBuildPhase;
			buildActionMask = 2147483647;
			files = (
			);
			inputFileListPaths = (
				"${PODS_ROOT}/Target Support Files/Pods-TestProject/Pods-TestProject-frameworks-${CONFIGURATION}-input-files.xcfilelist",
			);
			name = "[CP] Embed Pods Frameworks";
			outputFileListPaths = (
				"${PODS_ROOT}/Target Support Files/Pods-TestProject/Pods-TestProject-frameworks-${CONFIGURATION}-output-files.xcfilelist",
			);
			runOnlyForDeploymentPostprocessing = 0;
			shellPath = /bin/sh;
			shellScript = "\"${PODS_ROOT}/Target Support Files/Pods-TestProject/Pods-TestProject-frameworks.sh\"\n";
			showEnvVarsInLog = 0;
		};
/* End PBXShellScriptBuildPhase section */

/* Begin PBXSourcesBuildPhase section */
		C4D7D5202716714F008C4D89 /* Sources */ = {
			isa = PBXSourcesBuildPhase;
			buildActionMask = 2147483647;
			files = (
				C4D7D52C2716714F008C4D89 /* ViewController.swift in Sources */,
				C4D7D5282716714F008C4D89 /* AppDelegate.swift in Sources */,
				C4D7D53D271671D3008C4D89 /* SnapKitTest.swift in Sources */,
				C4D7D54127167292008C4D89 /* MasonryTest.m in Sources */,
				C4D7D52A2716714F008C4D89 /* SceneDelegate.swift in Sources */,
			);
			runOnlyForDeploymentPostprocessing = 0;
		};
/* End PBXSourcesBuildPhase section */

/* Begin PBXVariantGroup section */
		C4D7D52D2716714F008C4D89 /* Main.storyboard */ = {
			isa = PBXVariantGroup;
			children = (
				C4D7D52E2716714F008C4D89 /* Base */,
			);
			name = Main.storyboard;
			sourceTree = "<group>";
		};
		C4D7D53227167150008C4D89 /* LaunchScreen.storyboard */ = {
			isa = PBXVariantGroup;
			children = (
				C4D7D53327167150008C4D89 /* Base */,
			);
			name = LaunchScreen.storyboard;
			sourceTree = "<group>";
		};
/* End PBXVariantGroup section */

/* Begin XCBuildConfiguration section */
		C4D7D53627167150008C4D89 /* Debug */ = {
			isa = XCBuildConfiguration;
			buildSettings = {
				ALWAYS_SEARCH_USER_PATHS = NO;
				CLANG_ANALYZER_NONNULL = YES;
				CLANG_ANALYZER_NUMBER_OBJECT_CONVERSION = YES_AGGRESSIVE;
				CLANG_CXX_LANGUAGE_STANDARD = "gnu++14";
				CLANG_CXX_LIBRARY = "libc++";
				CLANG_ENABLE_MODULES = YES;
				CLANG_ENABLE_OBJC_ARC = YES;
				CLANG_ENABLE_OBJC_WEAK = YES;
				CLANG_WARN_BLOCK_CAPTURE_AUTORELEASING = YES;
				CLANG_WARN_BOOL_CONVERSION = YES;
				CLANG_WARN_COMMA = YES;
				CLANG_WARN_CONSTANT_CONVERSION = YES;
				CLANG_WARN_DEPRECATED_OBJC_IMPLEMENTATIONS = YES;
				CLANG_WARN_DIRECT_OBJC_ISA_USAGE = YES_ERROR;
				CLANG_WARN_DOCUMENTATION_COMMENTS = YES;
				CLANG_WARN_EMPTY_BODY = YES;
				CLANG_WARN_ENUM_CONVERSION = YES;
				CLANG_WARN_INFINITE_RECURSION = YES;
				CLANG_WARN_INT_CONVERSION = YES;
				CLANG_WARN_NON_LITERAL_NULL_CONVERSION = YES;
				CLANG_WARN_OBJC_IMPLICIT_RETAIN_SELF = YES;
				CLANG_WARN_OBJC_LITERAL_CONVERSION = YES;
				CLANG_WARN_OBJC_ROOT_CLASS = YES_ERROR;
				CLANG_WARN_QUOTED_INCLUDE_IN_FRAMEWORK_HEADER = YES;
				CLANG_WARN_RANGE_LOOP_ANALYSIS = YES;
				CLANG_WARN_STRICT_PROTOTYPES = YES;
				CLANG_WARN_SUSPICIOUS_MOVE = YES;
				CLANG_WARN_UNGUARDED_AVAILABILITY = YES_AGGRESSIVE;
				CLANG_WARN_UNREACHABLE_CODE = YES;
				CLANG_WARN__DUPLICATE_METHOD_MATCH = YES;
				COPY_PHASE_STRIP = NO;
				DEBUG_INFORMATION_FORMAT = dwarf;
				ENABLE_STRICT_OBJC_MSGSEND = YES;
				ENABLE_TESTABILITY = YES;
				GCC_C_LANGUAGE_STANDARD = gnu11;
				GCC_DYNAMIC_NO_PIC = NO;
				GCC_NO_COMMON_BLOCKS = YES;
				GCC_OPTIMIZATION_LEVEL = 0;
				GCC_PREPROCESSOR_DEFINITIONS = (
					"DEBUG=1",
					"$(inherited)",
				);
				GCC_WARN_64_TO_32_BIT_CONVERSION = YES;
				GCC_WARN_ABOUT_RETURN_TYPE = YES_ERROR;
				GCC_WARN_UNDECLARED_SELECTOR = YES;
				GCC_WARN_UNINITIALIZED_AUTOS = YES_AGGRESSIVE;
				GCC_WARN_UNUSED_FUNCTION = YES;
				GCC_WARN_UNUSED_VARIABLE = YES;
				IPHONEOS_DEPLOYMENT_TARGET = 14.5;
				MTL_ENABLE_DEBUG_INFO = INCLUDE_SOURCE;
				MTL_FAST_MATH = YES;
				ONLY_ACTIVE_ARCH = YES;
				SDKROOT = iphoneos;
				SWIFT_ACTIVE_COMPILATION_CONDITIONS = DEBUG;
				SWIFT_OPTIMIZATION_LEVEL = "-Onone";
			};
			name = Debug;
		};
		C4D7D53727167150008C4D89 /* Release */ = {
			isa = XCBuildConfiguration;
			buildSettings = {
				ALWAYS_SEARCH_USER_PATHS = NO;
				CLANG_ANALYZER_NONNULL = YES;
				CLANG_ANALYZER_NUMBER_OBJECT_CONVERSION = YES_AGGRESSIVE;
				CLANG_CXX_LANGUAGE_STANDARD = "gnu++14";
				CLANG_CXX_LIBRARY = "libc++";
				CLANG_ENABLE_MODULES = YES;
				CLANG_ENABLE_OBJC_ARC = YES;
				CLANG_ENABLE_OBJC_WEAK = YES;
				CLANG_WARN_BLOCK_CAPTURE_AUTORELEASING = YES;
				CLANG_WARN_BOOL_CONVERSION = YES;
				CLANG_WARN_COMMA = YES;
				CLANG_WARN_CONSTANT_CONVERSION = YES;
				CLANG_WARN_DEPRECATED_OBJC_IMPLEMENTATIONS = YES;
				CLANG_WARN_DIRECT_OBJC_ISA_USAGE = YES_ERROR;
				CLANG_WARN_DOCUMENTATION_COMMENTS = YES;
				CLANG_WARN_EMPTY_BODY = YES;
				CLANG_WARN_ENUM_CONVERSION = YES;
				CLANG_WARN_INFINITE_RECURSION = YES;
				CLANG_WARN_INT_CONVERSION = YES;
				CLANG_WARN_NON_LITERAL_NULL_CONVERSION = YES;
				CLANG_WARN_OBJC_IMPLICIT_RETAIN_SELF = YES;
				CLANG_WARN_OBJC_LITERAL_CONVERSION = YES;
				CLANG_WARN_OBJC_ROOT_CLASS = YES_ERROR;
				CLANG_WARN_QUOTED_INCLUDE_IN_FRAMEWORK_HEADER = YES;
				CLANG_WARN_RANGE_LOOP_ANALYSIS = YES;
				CLANG_WARN_STRICT_PROTOTYPES = YES;
				CLANG_WARN_SUSPICIOUS_MOVE = YES;
				CLANG_WARN_UNGUARDED_AVAILABILITY = YES_AGGRESSIVE;
				CLANG_WARN_UNREACHABLE_CODE = YES;
				CLANG_WARN__DUPLICATE_METHOD_MATCH = YES;
				COPY_PHASE_STRIP = NO;
				DEBUG_INFORMATION_FORMAT = "dwarf-with-dsym";
				ENABLE_NS_ASSERTIONS = NO;
				ENABLE_STRICT_OBJC_MSGSEND = YES;
				GCC_C_LANGUAGE_STANDARD = gnu11;
				GCC_NO_COMMON_BLOCKS = YES;
				GCC_WARN_64_TO_32_BIT_CONVERSION = YES;
				GCC_WARN_ABOUT_RETURN_TYPE = YES_ERROR;
				GCC_WARN_UNDECLARED_SELECTOR = YES;
				GCC_WARN_UNINITIALIZED_AUTOS = YES_AGGRESSIVE;
				GCC_WARN_UNUSED_FUNCTION = YES;
				GCC_WARN_UNUSED_VARIABLE = YES;
				IPHONEOS_DEPLOYMENT_TARGET = 14.5;
				MTL_ENABLE_DEBUG_INFO = NO;
				MTL_FAST_MATH = YES;
				SDKROOT = iphoneos;
				SWIFT_COMPILATION_MODE = wholemodule;
				SWIFT_OPTIMIZATION_LEVEL = "-O";
				VALIDATE_PRODUCT = YES;
			};
			name = Release;
		};
		C4D7D53927167150008C4D89 /* Debug */ = {
			isa = XCBuildConfiguration;
			baseConfigurationReference = A1D5FAFBED73A65285CC3378 /* Pods-TestProject.debug.xcconfig */;
			buildSettings = {
				ASSETCATALOG_COMPILER_APPICON_NAME = AppIcon;
				ASSETCATALOG_COMPILER_GLOBAL_ACCENT_COLOR_NAME = AccentColor;
				CLANG_ENABLE_MODULES = YES;
				CODE_SIGN_STYLE = Automatic;
				DEVELOPMENT_TEAM = 2795FFTPWT;
				INFOPLIST_FILE = TestProject/Info.plist;
				LD_RUNPATH_SEARCH_PATHS = (
					"$(inherited)",
					"@executable_path/Frameworks",
				);
				PRODUCT_BUNDLE_IDENTIFIER = cool.ssbun.TestProject;
				PRODUCT_NAME = "$(TARGET_NAME)";
				SWIFT_OBJC_BRIDGING_HEADER = "TestProject/Test/TestProject-Bridging-Header.h";
				SWIFT_OPTIMIZATION_LEVEL = "-Onone";
				SWIFT_VERSION = 5.0;
				TARGETED_DEVICE_FAMILY = "1,2";
			};
			name = Debug;
		};
		C4D7D53A27167150008C4D89 /* Release */ = {
			isa = XCBuildConfiguration;
			baseConfigurationReference = 1E45B6D1291712EB80895C40 /* Pods-TestProject.release.xcconfig */;
			buildSettings = {
				ASSETCATALOG_COMPILER_APPICON_NAME = AppIcon;
				ASSETCATALOG_COMPILER_GLOBAL_ACCENT_COLOR_NAME = AccentColor;
				CLANG_ENABLE_MODULES = YES;
				CODE_SIGN_STYLE = Automatic;
				DEVELOPMENT_TEAM = 2795FFTPWT;
				INFOPLIST_FILE = TestProject/Info.plist;
				LD_RUNPATH_SEARCH_PATHS = (
					"$(inherited)",
					"@executable_path/Frameworks",
				);
				PRODUCT_BUNDLE_IDENTIFIER = cool.ssbun.TestProject;
				PRODUCT_NAME = "$(TARGET_NAME)";
				SWIFT_OBJC_BRIDGING_HEADER = "TestProject/Test/TestProject-Bridging-Header.h";
				SWIFT_VERSION = 5.0;
				TARGETED_DEVICE_FAMILY = "1,2";
			};
			name = Release;
		};
/* End XCBuildConfiguration section */

/* Begin XCConfigurationList section */
		C4D7D51F2716714F008C4D89 /* Build configuration list for PBXProject "TestProject" */ = {
			isa = XCConfigurationList;
			buildConfigurations = (
				C4D7D53627167150008C4D89 /* Debug */,
				C4D7D53727167150008C4D89 /* Release */,
			);
			defaultConfigurationIsVisible = 0;
			defaultConfigurationName = Release;
		};
		C4D7D53827167150008C4D89 /* Build configuration list for PBXNativeTarget "TestProject" */ = {
			isa = XCConfigurationList;
			buildConfigurations = (
				C4D7D53927167150008C4D89 /* Debug */,
				C4D7D53A27167150008C4D89 /* Release */,
			);
			defaultConfigurationIsVisible = 0;
			defaultConfigurationName = Release;
		};
/* End XCConfigurationList section */
	};
	rootObject = C4D7D51C2716714F008C4D89 /* Project object */;
}
